
Microsoft Visual Studio Solution File, Format Version 12.00
# Visual Studio Version 16
VisualStudioVersion = 16.0.30711.63
MinimumVisualStudioVersion = 10.0.40219.1
Project("{8BC9CEB8-8B4A-11D0-8D11-00A0C91BC942}") = "Client Effects", "Client Effects\Client Effects.vcxproj", "{1054FF8C-ACAC-4501-B3AB-D7947C7630EA}"
EndProject
Project("{8BC9CEB8-8B4A-11D0-8D11-00A0C91BC942}") = "Player", "Player\Player.vcxproj", "{BD183549-BE35-4C48-8C53-EBC1E6AC3A81}"
EndProject
Project("{8BC9CEB8-8B4A-11D0-8D11-00A0C91BC942}") = "game", "game\game.vcxproj", "{D455DC0E-6C14-4DC1-BE0D-72418FC240F1}"
EndProject
Project("{2150E333-8FDC-42A3-9474-1A3956D46DE8}") = "GameCode", "GameCode", "{BFC42859-8EB2-4B96-87B2-2CA00BF4AACE}"
EndProject
Project("{2150E333-8FDC-42A3-9474-1A3956D46DE8}") = "Launcher", "Launcher", "{1ABE9455-49FB-423D-84E0-8AE326D466FC}"
EndProject
Project("{8BC9CEB8-8B4A-11D0-8D11-00A0C91BC942}") = "launcher", "launcher\launcher.vcxproj", "{06EF294B-B7A4-4821-AF56-8BE9E04304D8}"
EndProject
Project("{2150E333-8FDC-42A3-9474-1A3956D46DE8}") = "Engine", "Engine", "{37FC56D8-29CB-4DCB-AC60-9837719625A6}"
EndProject
Project("{8BC9CEB8-8B4A-11D0-8D11-00A0C91BC942}") = "ref_gl", "ref_gl\ref_gl.vcxproj", "{B21C65E1-7AE4-43DD-A648-F8920414B75D}"
EndProject
Project("{8BC9CEB8-8B4A-11D0-8D11-00A0C91BC942}") = "H2Common", "h2common\H2Common.vcxproj", "{CDEE41F3-79CB-4EB1-A54D-2585CEB49E7B}"
EndProject
Project("{8BC9CEB8-8B4A-11D0-8D11-00A0C91BC942}") = "WinSnd", "WinSnd\WinSnd.vcxproj", "{E4EA461C-A9DE-47FA-9FF8-2DC5EF6A8780}"
EndProject
Global
	GlobalSection(SolutionConfigurationPlatforms) = preSolution
		Debug|x64 = Debug|x64
		Debug|x86 = Debug|x86
		Final|x64 = Final|x64
		Final|x86 = Final|x86
		Release|x64 = Release|x64
		Release|x86 = Release|x86
		Template|x64 = Template|x64
		Template|x86 = Template|x86
	EndGlobalSection
	GlobalSection(ProjectConfigurationPlatforms) = postSolution
		{1054FF8C-ACAC-4501-B3AB-D7947C7630EA}.Debug|x64.ActiveCfg = Debug|Win32
		{1054FF8C-ACAC-4501-B3AB-D7947C7630EA}.Debug|x86.ActiveCfg = Debug|Win32
		{1054FF8C-ACAC-4501-B3AB-D7947C7630EA}.Debug|x86.Build.0 = Debug|Win32
		{1054FF8C-ACAC-4501-B3AB-D7947C7630EA}.Final|x64.ActiveCfg = Final|Win32
		{1054FF8C-ACAC-4501-B3AB-D7947C7630EA}.Final|x86.ActiveCfg = Final|Win32
		{1054FF8C-ACAC-4501-B3AB-D7947C7630EA}.Final|x86.Build.0 = Final|Win32
		{1054FF8C-ACAC-4501-B3AB-D7947C7630EA}.Release|x64.ActiveCfg = Release|Win32
		{1054FF8C-ACAC-4501-B3AB-D7947C7630EA}.Release|x86.ActiveCfg = Release|Win32
		{1054FF8C-ACAC-4501-B3AB-D7947C7630EA}.Release|x86.Build.0 = Release|Win32
		{1054FF8C-ACAC-4501-B3AB-D7947C7630EA}.Template|x64.ActiveCfg = Debug|Win32
		{1054FF8C-ACAC-4501-B3AB-D7947C7630EA}.Template|x64.Build.0 = Debug|Win32
		{1054FF8C-ACAC-4501-B3AB-D7947C7630EA}.Template|x86.ActiveCfg = Debug|Win32
		{1054FF8C-ACAC-4501-B3AB-D7947C7630EA}.Template|x86.Build.0 = Debug|Win32
		{BD183549-BE35-4C48-8C53-EBC1E6AC3A81}.Debug|x64.ActiveCfg = Debug|Win32
		{BD183549-BE35-4C48-8C53-EBC1E6AC3A81}.Debug|x86.ActiveCfg = Debug|Win32
		{BD183549-BE35-4C48-8C53-EBC1E6AC3A81}.Debug|x86.Build.0 = Debug|Win32
		{BD183549-BE35-4C48-8C53-EBC1E6AC3A81}.Final|x64.ActiveCfg = Final|Win32
		{BD183549-BE35-4C48-8C53-EBC1E6AC3A81}.Final|x86.ActiveCfg = Final|Win32
		{BD183549-BE35-4C48-8C53-EBC1E6AC3A81}.Final|x86.Build.0 = Final|Win32
		{BD183549-BE35-4C48-8C53-EBC1E6AC3A81}.Release|x64.ActiveCfg = Release|Win32
		{BD183549-BE35-4C48-8C53-EBC1E6AC3A81}.Release|x86.ActiveCfg = Release|Win32
		{BD183549-BE35-4C48-8C53-EBC1E6AC3A81}.Release|x86.Build.0 = Release|Win32
		{BD183549-BE35-4C48-8C53-EBC1E6AC3A81}.Template|x64.ActiveCfg = Template|Win32
		{BD183549-BE35-4C48-8C53-EBC1E6AC3A81}.Template|x86.ActiveCfg = Template|Win32
		{BD183549-BE35-4C48-8C53-EBC1E6AC3A81}.Template|x86.Build.0 = Template|Win32
		{D455DC0E-6C14-4DC1-BE0D-72418FC240F1}.Debug|x64.ActiveCfg = Debug|Win32
		{D455DC0E-6C14-4DC1-BE0D-72418FC240F1}.Debug|x86.ActiveCfg = Debug|Win32
		{D455DC0E-6C14-4DC1-BE0D-72418FC240F1}.Debug|x86.Build.0 = Debug|Win32
		{D455DC0E-6C14-4DC1-BE0D-72418FC240F1}.Final|x64.ActiveCfg = Final|Win32
		{D455DC0E-6C14-4DC1-BE0D-72418FC240F1}.Final|x86.ActiveCfg = Final|Win32
		{D455DC0E-6C14-4DC1-BE0D-72418FC240F1}.Final|x86.Build.0 = Final|Win32
		{D455DC0E-6C14-4DC1-BE0D-72418FC240F1}.Release|x64.ActiveCfg = Release|Win32
		{D455DC0E-6C14-4DC1-BE0D-72418FC240F1}.Release|x86.ActiveCfg = Release|Win32
		{D455DC0E-6C14-4DC1-BE0D-72418FC240F1}.Release|x86.Build.0 = Release|Win32
		{D455DC0E-6C14-4DC1-BE0D-72418FC240F1}.Template|x64.ActiveCfg = Template|Win32
		{D455DC0E-6C14-4DC1-BE0D-72418FC240F1}.Template|x86.ActiveCfg = Template|Win32
		{D455DC0E-6C14-4DC1-BE0D-72418FC240F1}.Template|x86.Build.0 = Template|Win32
		{06EF294B-B7A4-4821-AF56-8BE9E04304D8}.Debug|x64.ActiveCfg = Debug|x64
		{06EF294B-B7A4-4821-AF56-8BE9E04304D8}.Debug|x64.Build.0 = Debug|x64
		{06EF294B-B7A4-4821-AF56-8BE9E04304D8}.Debug|x86.ActiveCfg = Debug|Win32
		{06EF294B-B7A4-4821-AF56-8BE9E04304D8}.Debug|x86.Build.0 = Debug|Win32
		{06EF294B-B7A4-4821-AF56-8BE9E04304D8}.Final|x64.ActiveCfg = Debug|x64
		{06EF294B-B7A4-4821-AF56-8BE9E04304D8}.Final|x64.Build.0 = Debug|x64
		{06EF294B-B7A4-4821-AF56-8BE9E04304D8}.Final|x86.ActiveCfg = Debug|Win32
		{06EF294B-B7A4-4821-AF56-8BE9E04304D8}.Final|x86.Build.0 = Debug|Win32
		{06EF294B-B7A4-4821-AF56-8BE9E04304D8}.Release|x64.ActiveCfg = Release|x64
		{06EF294B-B7A4-4821-AF56-8BE9E04304D8}.Release|x64.Build.0 = Release|x64
		{06EF294B-B7A4-4821-AF56-8BE9E04304D8}.Release|x86.ActiveCfg = Release|Win32
		{06EF294B-B7A4-4821-AF56-8BE9E04304D8}.Release|x86.Build.0 = Release|Win32
		{06EF294B-B7A4-4821-AF56-8BE9E04304D8}.Template|x64.ActiveCfg = Debug|x64
		{06EF294B-B7A4-4821-AF56-8BE9E04304D8}.Template|x64.Build.0 = Debug|x64
		{06EF294B-B7A4-4821-AF56-8BE9E04304D8}.Template|x86.ActiveCfg = Debug|Win32
		{06EF294B-B7A4-4821-AF56-8BE9E04304D8}.Template|x86.Build.0 = Debug|Win32
		{B21C65E1-7AE4-43DD-A648-F8920414B75D}.Debug|x64.ActiveCfg = Debug|Win32
		{B21C65E1-7AE4-43DD-A648-F8920414B75D}.Debug|x86.ActiveCfg = Debug|Win32
		{B21C65E1-7AE4-43DD-A648-F8920414B75D}.Debug|x86.Build.0 = Debug|Win32
		{B21C65E1-7AE4-43DD-A648-F8920414B75D}.Final|x64.ActiveCfg = Debug|Win32
		{B21C65E1-7AE4-43DD-A648-F8920414B75D}.Final|x64.Build.0 = Debug|Win32
		{B21C65E1-7AE4-43DD-A648-F8920414B75D}.Final|x86.ActiveCfg = Debug|Win32
		{B21C65E1-7AE4-43DD-A648-F8920414B75D}.Final|x86.Build.0 = Debug|Win32
		{B21C65E1-7AE4-43DD-A648-F8920414B75D}.Release|x64.ActiveCfg = Release|Win32
		{B21C65E1-7AE4-43DD-A648-F8920414B75D}.Release|x86.ActiveCfg = Release|Win32
		{B21C65E1-7AE4-43DD-A648-F8920414B75D}.Release|x86.Build.0 = Release|Win32
		{B21C65E1-7AE4-43DD-A648-F8920414B75D}.Template|x64.ActiveCfg = Debug|Win32
		{B21C65E1-7AE4-43DD-A648-F8920414B75D}.Template|x64.Build.0 = Debug|Win32
		{B21C65E1-7AE4-43DD-A648-F8920414B75D}.Template|x86.ActiveCfg = Debug|Win32
		{B21C65E1-7AE4-43DD-A648-F8920414B75D}.Template|x86.Build.0 = Debug|Win32
		{CDEE41F3-79CB-4EB1-A54D-2585CEB49E7B}.Debug|x64.ActiveCfg = Debug|x64
		{CDEE41F3-79CB-4EB1-A54D-2585CEB49E7B}.Debug|x64.Build.0 = Debug|x64
		{CDEE41F3-79CB-4EB1-A54D-2585CEB49E7B}.Debug|x86.ActiveCfg = Debug|Win32
		{CDEE41F3-79CB-4EB1-A54D-2585CEB49E7B}.Debug|x86.Build.0 = Debug|Win32
		{CDEE41F3-79CB-4EB1-A54D-2585CEB49E7B}.Final|x64.ActiveCfg = Debug|x64
		{CDEE41F3-79CB-4EB1-A54D-2585CEB49E7B}.Final|x64.Build.0 = Debug|x64
		{CDEE41F3-79CB-4EB1-A54D-2585CEB49E7B}.Final|x86.ActiveCfg = Debug|Win32
		{CDEE41F3-79CB-4EB1-A54D-2585CEB49E7B}.Final|x86.Build.0 = Debug|Win32
		{CDEE41F3-79CB-4EB1-A54D-2585CEB49E7B}.Release|x64.ActiveCfg = Release|x64
		{CDEE41F3-79CB-4EB1-A54D-2585CEB49E7B}.Release|x64.Build.0 = Release|x64
		{CDEE41F3-79CB-4EB1-A54D-2585CEB49E7B}.Release|x86.ActiveCfg = Release|Win32
		{CDEE41F3-79CB-4EB1-A54D-2585CEB49E7B}.Release|x86.Build.0 = Release|Win32
		{CDEE41F3-79CB-4EB1-A54D-2585CEB49E7B}.Template|x64.ActiveCfg = Debug|x64
		{CDEE41F3-79CB-4EB1-A54D-2585CEB49E7B}.Template|x64.Build.0 = Debug|x64
		{CDEE41F3-79CB-4EB1-A54D-2585CEB49E7B}.Template|x86.ActiveCfg = Debug|Win32
		{CDEE41F3-79CB-4EB1-A54D-2585CEB49E7B}.Template|x86.Build.0 = Debug|Win32
		{E4EA461C-A9DE-47FA-9FF8-2DC5EF6A8780}.Debug|x64.ActiveCfg = Debug|x64
		{E4EA461C-A9DE-47FA-9FF8-2DC5EF6A8780}.Debug|x64.Build.0 = Debug|x64
		{E4EA461C-A9DE-47FA-9FF8-2DC5EF6A8780}.Debug|x86.ActiveCfg = Debug|Win32
		{E4EA461C-A9DE-47FA-9FF8-2DC5EF6A8780}.Debug|x86.Build.0 = Debug|Win32
		{E4EA461C-A9DE-47FA-9FF8-2DC5EF6A8780}.Final|x64.ActiveCfg = Debug|x64
		{E4EA461C-A9DE-47FA-9FF8-2DC5EF6A8780}.Final|x64.Build.0 = Debug|x64
		{E4EA461C-A9DE-47FA-9FF8-2DC5EF6A8780}.Final|x86.ActiveCfg = Debug|Win32
		{E4EA461C-A9DE-47FA-9FF8-2DC5EF6A8780}.Final|x86.Build.0 = Debug|Win32
		{E4EA461C-A9DE-47FA-9FF8-2DC5EF6A8780}.Release|x64.ActiveCfg = Release|x64
		{E4EA461C-A9DE-47FA-9FF8-2DC5EF6A8780}.Release|x64.Build.0 = Release|x64
		{E4EA461C-A9DE-47FA-9FF8-2DC5EF6A8780}.Release|x86.ActiveCfg = Release|Win32
		{E4EA461C-A9DE-47FA-9FF8-2DC5EF6A8780}.Release|x86.Build.0 = Release|Win32
		{E4EA461C-A9DE-47FA-9FF8-2DC5EF6A8780}.Template|x64.ActiveCfg = Debug|x64
		{E4EA461C-A9DE-47FA-9FF8-2DC5EF6A8780}.Template|x64.Build.0 = Debug|x64
		{E4EA461C-A9DE-47FA-9FF8-2DC5EF6A8780}.Template|x86.ActiveCfg = Debug|Win32
		{E4EA461C-A9DE-47FA-9FF8-2DC5EF6A8780}.Template|x86.Build.0 = Debug|Win32
	EndGlobalSection
	GlobalSection(SolutionProperties) = preSolution
		HideSolutionNode = FALSE
	EndGlobalSection
	GlobalSection(NestedProjects) = preSolution
		{1054FF8C-ACAC-4501-B3AB-D7947C7630EA} = {BFC42859-8EB2-4B96-87B2-2CA00BF4AACE}
		{BD183549-BE35-4C48-8C53-EBC1E6AC3A81} = {BFC42859-8EB2-4B96-87B2-2CA00BF4AACE}
		{D455DC0E-6C14-4DC1-BE0D-72418FC240F1} = {BFC42859-8EB2-4B96-87B2-2CA00BF4AACE}
		{06EF294B-B7A4-4821-AF56-8BE9E04304D8} = {1ABE9455-49FB-423D-84E0-8AE326D466FC}
		{B21C65E1-7AE4-43DD-A648-F8920414B75D} = {37FC56D8-29CB-4DCB-AC60-9837719625A6}
		{CDEE41F3-79CB-4EB1-A54D-2585CEB49E7B} = {37FC56D8-29CB-4DCB-AC60-9837719625A6}
		{E4EA461C-A9DE-47FA-9FF8-2DC5EF6A8780} = {37FC56D8-29CB-4DCB-AC60-9837719625A6}
	EndGlobalSection
	GlobalSection(ExtensibilityGlobals) = postSolution
		SolutionGuid = {0316FB59-5656-4F6F-98DE-0EFA6A9EBC78}
	EndGlobalSection
EndGlobal
