<?xml version="1.0" encoding="utf-8"?>
<Project ToolsVersion="4.0" xmlns="http://schemas.microsoft.com/developer/msbuild/2003">
  <ItemGroup>
    <Filter Include="Player">
      <UniqueIdentifier>{bb3f875c-17f1-4c5c-bfc9-43b1f7dbbabe}</UniqueIdentifier>
    </Filter>
    <Filter Include="Game">
      <UniqueIdentifier>{751c4b03-2970-4d93-9746-31b392792f1c}</UniqueIdentifier>
    </Filter>
    <Filter Include="Client Effects">
      <UniqueIdentifier>{e8e80c56-34ac-4b7b-9e54-d573cd5275c5}</UniqueIdentifier>
    </Filter>
    <Filter Include="h2common">
      <UniqueIdentifier>{f4779b92-a16b-484b-b4d0-6366d911a33a}</UniqueIdentifier>
    </Filter>
    <Filter Include="h2common\Math">
      <UniqueIdentifier>{ebaf0956-e5b5-4b50-b024-e4dc3dfcd203}</UniqueIdentifier>
    </Filter>
    <Filter Include="ref_common">
      <UniqueIdentifier>{aab82a6d-eb89-42e5-9381-c0023b1e0d5b}</UniqueIdentifier>
    </Filter>
    <Filter Include="ref_gl">
      <UniqueIdentifier>{85efc3da-4daf-4287-8bcd-8b8f6b0ff5c3}</UniqueIdentifier>
    </Filter>
    <Filter Include="ref_gl\GL">
      <UniqueIdentifier>{873c876c-eb7a-4f15-a71b-75221799a67b}</UniqueIdentifier>
    </Filter>
    <Filter Include="server">
      <UniqueIdentifier>{c2709b4a-35f9-4ef4-a29f-7cf4adc4a83e}</UniqueIdentifier>
    </Filter>
    <Filter Include="WinSnd">
      <UniqueIdentifier>{a767598c-0087-49a9-910c-97c409740b2c}</UniqueIdentifier>
    </Filter>
    <Filter Include="WinSnd\ALut">
      <UniqueIdentifier>{eab5c993-100c-4fb5-be97-294ccafa119a}</UniqueIdentifier>
    </Filter>
    <Filter Include="client">
      <UniqueIdentifier>{3c219d86-d739-4f91-80b0-754963d54d36}</UniqueIdentifier>
    </Filter>
    <Filter Include="qcommon">
      <UniqueIdentifier>{9a2feb37-ce34-41a6-993d-fd0f5e1afeb0}</UniqueIdentifier>
    </Filter>
    <Filter Include="win32">
      <UniqueIdentifier>{5f7c0a9b-8c64-4418-a458-c2bec47b0451}</UniqueIdentifier>
    </Filter>
  </ItemGroup>
  <ItemGroup>
    <ClCompile Include="game\ds.cpp">
      <Filter>Game</Filter>
    </ClCompile>
    <ClCompile Include="h2common\Math\Martix.cpp">
      <Filter>h2common\Math</Filter>
    </ClCompile>
    <ClCompile Include="h2common\H2Matrix.cpp">
      <Filter>h2common</Filter>
    </ClCompile>
    <ClCompile Include="qcommon\ResourceManager.cpp">
      <Filter>h2common</Filter>
    </ClCompile>
    <ClCompile Include="ref_gl\glew.c">
      <Filter>ref_gl</Filter>
    </ClCompile>
    <ClCompile Include="WinSnd\s_eax.cpp">
      <Filter>WinSnd</Filter>
    </ClCompile>
    <ClCompile Include="WinSnd\s_main.cpp">
      <Filter>WinSnd</Filter>
    </ClCompile>
    <ClCompile Include="WinSnd\ALut\alutBufferData.c">
      <Filter>WinSnd\ALut</Filter>
    </ClCompile>
    <ClCompile Include="WinSnd\ALut\alutCodec.c">
      <Filter>WinSnd\ALut</Filter>
    </ClCompile>
    <ClCompile Include="WinSnd\ALut\alutError.c">
      <Filter>WinSnd\ALut</Filter>
    </ClCompile>
    <ClCompile Include="WinSnd\ALut\alutInit.c">
      <Filter>WinSnd\ALut</Filter>
    </ClCompile>
    <ClCompile Include="WinSnd\ALut\alutInputStream.c">
      <Filter>WinSnd\ALut</Filter>
    </ClCompile>
    <ClCompile Include="WinSnd\ALut\alutLoader.c">
      <Filter>WinSnd\ALut</Filter>
    </ClCompile>
    <ClCompile Include="WinSnd\ALut\alutOutputStream.c">
      <Filter>WinSnd\ALut</Filter>
    </ClCompile>
    <ClCompile Include="WinSnd\ALut\alutUtil.c">
      <Filter>WinSnd\ALut</Filter>
    </ClCompile>
    <ClCompile Include="WinSnd\ALut\alutVersion.c">
      <Filter>WinSnd\ALut</Filter>
    </ClCompile>
    <ClCompile Include="WinSnd\ALut\alutWaveform.c">
      <Filter>WinSnd\ALut</Filter>
    </ClCompile>
    <ClCompile Include="client\cl_cin.cpp">
      <Filter>client</Filter>
    </ClCompile>
    <ClCompile Include="client\cl_ents.cpp">
      <Filter>client</Filter>
    </ClCompile>
    <ClCompile Include="client\cl_fx.cpp">
      <Filter>client</Filter>
    </ClCompile>
    <ClCompile Include="client\cl_input.cpp">
      <Filter>client</Filter>
    </ClCompile>
    <ClCompile Include="client\cl_inv.cpp">
      <Filter>client</Filter>
    </ClCompile>
    <ClCompile Include="client\cl_main.cpp">
      <Filter>client</Filter>
    </ClCompile>
    <ClCompile Include="client\cl_parse.cpp">
      <Filter>client</Filter>
    </ClCompile>
    <ClCompile Include="client\cl_pred.cpp">
      <Filter>client</Filter>
    </ClCompile>
    <ClCompile Include="client\cl_scrn.cpp">
      <Filter>client</Filter>
    </ClCompile>
    <ClCompile Include="client\cl_view.cpp">
      <Filter>client</Filter>
    </ClCompile>
    <ClCompile Include="client\console.cpp">
      <Filter>client</Filter>
    </ClCompile>
    <ClCompile Include="client\keys.cpp">
      <Filter>client</Filter>
    </ClCompile>
    <ClCompile Include="client\menu.cpp">
      <Filter>client</Filter>
    </ClCompile>
    <ClCompile Include="client\qmenu.cpp">
      <Filter>client</Filter>
    </ClCompile>
    <ClCompile Include="client\x86.cpp">
      <Filter>client</Filter>
    </ClCompile>
    <ClCompile Include="client effects\Ambient Effects.cpp">
      <Filter>Client Effects</Filter>
    </ClCompile>
    <ClCompile Include="client effects\ce_DefaultMessageHandler.cpp">
      <Filter>Client Effects</Filter>
    </ClCompile>
    <ClCompile Include="client effects\ce_DLight.cpp">
      <Filter>Client Effects</Filter>
    </ClCompile>
    <ClCompile Include="client effects\ce_Message.cpp">
      <Filter>Client Effects</Filter>
    </ClCompile>
    <ClCompile Include="client effects\Client Effects.cpp">
      <Filter>Client Effects</Filter>
    </ClCompile>
    <ClCompile Include="client effects\Client Entities.cpp">
      <Filter>Client Effects</Filter>
    </ClCompile>
    <ClCompile Include="client effects\Font1.cpp">
      <Filter>Client Effects</Filter>
    </ClCompile>
    <ClCompile Include="client effects\Font2.cpp">
      <Filter>Client Effects</Filter>
    </ClCompile>
    <ClCompile Include="client effects\fx_AmmoPickup.cpp">
      <Filter>Client Effects</Filter>
    </ClCompile>
    <ClCompile Include="client effects\fx_animate.cpp">
      <Filter>Client Effects</Filter>
    </ClCompile>
    <ClCompile Include="client effects\fx_assassin.cpp">
      <Filter>Client Effects</Filter>
    </ClCompile>
    <ClCompile Include="client effects\fx_blood.cpp">
      <Filter>Client Effects</Filter>
    </ClCompile>
    <ClCompile Include="client effects\fx_BlueRing.cpp">
      <Filter>Client Effects</Filter>
    </ClCompile>
    <ClCompile Include="client effects\fx_bubbler.cpp">
      <Filter>Client Effects</Filter>
    </ClCompile>
    <ClCompile Include="client effects\fx_crosshair.cpp">
      <Filter>Client Effects</Filter>
    </ClCompile>
    <ClCompile Include="client effects\fx_cwatcher.cpp">
      <Filter>Client Effects</Filter>
    </ClCompile>
    <ClCompile Include="client effects\fx_debris.cpp">
      <Filter>Client Effects</Filter>
    </ClCompile>
    <ClCompile Include="client effects\fx_DefensePickup.cpp">
      <Filter>Client Effects</Filter>
    </ClCompile>
    <ClCompile Include="client effects\fx_Dripper.cpp">
      <Filter>Client Effects</Filter>
    </ClCompile>
    <ClCompile Include="client effects\fx_dust.cpp">
      <Filter>Client Effects</Filter>
    </ClCompile>
    <ClCompile Include="client effects\fx_dustpuff.cpp">
      <Filter>Client Effects</Filter>
    </ClCompile>
    <ClCompile Include="client effects\fx_fire.cpp">
      <Filter>Client Effects</Filter>
    </ClCompile>
    <ClCompile Include="client effects\fx_firehands.cpp">
      <Filter>Client Effects</Filter>
    </ClCompile>
    <ClCompile Include="client effects\fx_flamethrow.cpp">
      <Filter>Client Effects</Filter>
    </ClCompile>
    <ClCompile Include="client effects\fx_flyingfist.cpp">
      <Filter>Client Effects</Filter>
    </ClCompile>
    <ClCompile Include="client effects\fx_Fountain.cpp">
      <Filter>Client Effects</Filter>
    </ClCompile>
    <ClCompile Include="client effects\fx_halo.cpp">
      <Filter>Client Effects</Filter>
    </ClCompile>
    <ClCompile Include="client effects\fx_HealthPickup.cpp">
      <Filter>Client Effects</Filter>
    </ClCompile>
    <ClCompile Include="client effects\fx_HellStaff.cpp">
      <Filter>Client Effects</Filter>
    </ClCompile>
    <ClCompile Include="client effects\fx_hitpuff.cpp">
      <Filter>Client Effects</Filter>
    </ClCompile>
    <ClCompile Include="client effects\fx_hpproj.cpp">
      <Filter>Client Effects</Filter>
    </ClCompile>
    <ClCompile Include="client effects\fx_insectstaff.cpp">
      <Filter>Client Effects</Filter>
    </ClCompile>
    <ClCompile Include="client effects\fx_lensflare.cpp">
      <Filter>Client Effects</Filter>
    </ClCompile>
    <ClCompile Include="client effects\fx_lightning.cpp">
      <Filter>Client Effects</Filter>
    </ClCompile>
    <ClCompile Include="client effects\fx_Maceball.cpp">
      <Filter>Client Effects</Filter>
    </ClCompile>
    <ClCompile Include="client effects\fx_magicmissile.cpp">
      <Filter>Client Effects</Filter>
    </ClCompile>
    <ClCompile Include="client effects\fx_meteorbarrier.cpp">
      <Filter>Client Effects</Filter>
    </ClCompile>
    <ClCompile Include="client effects\fx_mist.cpp">
      <Filter>Client Effects</Filter>
    </ClCompile>
    <ClCompile Include="client effects\fx_mork.cpp">
      <Filter>Client Effects</Filter>
    </ClCompile>
    <ClCompile Include="client effects\fx_Morph.cpp">
      <Filter>Client Effects</Filter>
    </ClCompile>
    <ClCompile Include="client effects\fx_objects.cpp">
      <Filter>Client Effects</Filter>
    </ClCompile>
    <ClCompile Include="client effects\fx_pespell.cpp">
      <Filter>Client Effects</Filter>
    </ClCompile>
    <ClCompile Include="client effects\fx_Phoenix.cpp">
      <Filter>Client Effects</Filter>
    </ClCompile>
    <ClCompile Include="client effects\fx_pickup.cpp">
      <Filter>Client Effects</Filter>
    </ClCompile>
    <ClCompile Include="client effects\fx_pickuppuzzle.cpp">
      <Filter>Client Effects</Filter>
    </ClCompile>
    <ClCompile Include="client effects\fx_PlagueMist.cpp">
      <Filter>Client Effects</Filter>
    </ClCompile>
    <ClCompile Include="client effects\fx_PlagueMistExplode.cpp">
      <Filter>Client Effects</Filter>
    </ClCompile>
    <ClCompile Include="client effects\fx_portal.cpp">
      <Filter>Client Effects</Filter>
    </ClCompile>
    <ClCompile Include="client effects\fx_quake.cpp">
      <Filter>Client Effects</Filter>
    </ClCompile>
    <ClCompile Include="client effects\fx_RedRain.cpp">
      <Filter>Client Effects</Filter>
    </ClCompile>
    <ClCompile Include="client effects\fx_redrainglow.cpp">
      <Filter>Client Effects</Filter>
    </ClCompile>
    <ClCompile Include="client effects\fx_remotecamera.cpp">
      <Filter>Client Effects</Filter>
    </ClCompile>
    <ClCompile Include="client effects\fx_Ripples.cpp">
      <Filter>Client Effects</Filter>
    </ClCompile>
    <ClCompile Include="client effects\fx_rope.cpp">
      <Filter>Client Effects</Filter>
    </ClCompile>
    <ClCompile Include="client effects\fx_scorchmark.cpp">
      <Filter>Client Effects</Filter>
    </ClCompile>
    <ClCompile Include="client effects\fx_shadow.cpp">
      <Filter>Client Effects</Filter>
    </ClCompile>
    <ClCompile Include="client effects\fx_Shield.cpp">
      <Filter>Client Effects</Filter>
    </ClCompile>
    <ClCompile Include="client effects\fx_shrine.cpp">
      <Filter>Client Effects</Filter>
    </ClCompile>
    <ClCompile Include="client effects\fx_smoke.cpp">
      <Filter>Client Effects</Filter>
    </ClCompile>
    <ClCompile Include="client effects\fx_sound.cpp">
      <Filter>Client Effects</Filter>
    </ClCompile>
    <ClCompile Include="client effects\fx_sparks.cpp">
      <Filter>Client Effects</Filter>
    </ClCompile>
    <ClCompile Include="client effects\fx_spellchange.cpp">
      <Filter>Client Effects</Filter>
    </ClCompile>
    <ClCompile Include="client effects\fx_spellhands.cpp">
      <Filter>Client Effects</Filter>
    </ClCompile>
    <ClCompile Include="client effects\fx_sphereofannihlation.cpp">
      <Filter>Client Effects</Filter>
    </ClCompile>
    <ClCompile Include="client effects\fx_spoo.cpp">
      <Filter>Client Effects</Filter>
    </ClCompile>
    <ClCompile Include="client effects\fx_ssarrow.cpp">
      <Filter>Client Effects</Filter>
    </ClCompile>
    <ClCompile Include="client effects\fx_ssithra.cpp">
      <Filter>Client Effects</Filter>
    </ClCompile>
    <ClCompile Include="client effects\fx_staff.cpp">
      <Filter>Client Effects</Filter>
    </ClCompile>
    <ClCompile Include="client effects\fx_tbeast.cpp">
      <Filter>Client Effects</Filter>
    </ClCompile>
    <ClCompile Include="client effects\fx_teleport.cpp">
      <Filter>Client Effects</Filter>
    </ClCompile>
    <ClCompile Include="client effects\fx_tome.cpp">
      <Filter>Client Effects</Filter>
    </ClCompile>
    <ClCompile Include="client effects\fx_tornado.cpp">
      <Filter>Client Effects</Filter>
    </ClCompile>
    <ClCompile Include="client effects\fx_Wall.cpp">
      <Filter>Client Effects</Filter>
    </ClCompile>
    <ClCompile Include="client effects\fx_waterentrysplash.cpp">
      <Filter>Client Effects</Filter>
    </ClCompile>
    <ClCompile Include="client effects\fx_waterwake.cpp">
      <Filter>Client Effects</Filter>
    </ClCompile>
    <ClCompile Include="client effects\fx_WeaponPickup.cpp">
      <Filter>Client Effects</Filter>
    </ClCompile>
    <ClCompile Include="client effects\Generic Character Effects.cpp">
      <Filter>Client Effects</Filter>
    </ClCompile>
    <ClCompile Include="client effects\Generic Weapon Effects.cpp">
      <Filter>Client Effects</Filter>
    </ClCompile>
    <ClCompile Include="client effects\Item Effects.cpp">
      <Filter>Client Effects</Filter>
    </ClCompile>
    <ClCompile Include="client effects\LevelMaps.cpp">
      <Filter>Client Effects</Filter>
    </ClCompile>
    <ClCompile Include="client effects\LightStyles.cpp">
      <Filter>Client Effects</Filter>
    </ClCompile>
    <ClCompile Include="client effects\Main.cpp">
      <Filter>Client Effects</Filter>
    </ClCompile>
    <ClCompile Include="client effects\Monster Weapon Effects.cpp">
      <Filter>Client Effects</Filter>
    </ClCompile>
    <ClCompile Include="client effects\Particle.cpp">
      <Filter>Client Effects</Filter>
    </ClCompile>
    <ClCompile Include="client effects\Player Effects.cpp">
      <Filter>Client Effects</Filter>
    </ClCompile>
    <ClCompile Include="client effects\TestEffect.cpp">
      <Filter>Client Effects</Filter>
    </ClCompile>
    <ClCompile Include="client effects\Utilities.cpp">
      <Filter>Client Effects</Filter>
    </ClCompile>
    <ClCompile Include="client effects\cl_fx.cpp">
      <Filter>Client Effects</Filter>
    </ClCompile>
    <ClCompile Include="game\buoy.cpp">
      <Filter>Game</Filter>
    </ClCompile>
    <ClCompile Include="game\c_ai.cpp">
      <Filter>Game</Filter>
    </ClCompile>
    <ClCompile Include="game\c_corvus1.cpp">
      <Filter>Game</Filter>
    </ClCompile>
    <ClCompile Include="game\c_corvus1_anim.cpp">
      <Filter>Game</Filter>
    </ClCompile>
    <ClCompile Include="game\c_corvus2.cpp">
      <Filter>Game</Filter>
    </ClCompile>
    <ClCompile Include="game\c_corvus2_anim.cpp">
      <Filter>Game</Filter>
    </ClCompile>
    <ClCompile Include="game\c_corvus3.cpp">
      <Filter>Game</Filter>
    </ClCompile>
    <ClCompile Include="game\c_corvus3_anim.cpp">
      <Filter>Game</Filter>
    </ClCompile>
    <ClCompile Include="game\c_corvus4.cpp">
      <Filter>Game</Filter>
    </ClCompile>
    <ClCompile Include="game\c_corvus4_anim.cpp">
      <Filter>Game</Filter>
    </ClCompile>
    <ClCompile Include="game\c_corvus5.cpp">
      <Filter>Game</Filter>
    </ClCompile>
    <ClCompile Include="game\c_corvus5_anim.cpp">
      <Filter>Game</Filter>
    </ClCompile>
    <ClCompile Include="game\c_corvus6.cpp">
      <Filter>Game</Filter>
    </ClCompile>
    <ClCompile Include="game\c_corvus6_anim.cpp">
      <Filter>Game</Filter>
    </ClCompile>
    <ClCompile Include="game\c_corvus7.cpp">
      <Filter>Game</Filter>
    </ClCompile>
    <ClCompile Include="game\c_corvus7_anim.cpp">
      <Filter>Game</Filter>
    </ClCompile>
    <ClCompile Include="game\c_corvus8.cpp">
      <Filter>Game</Filter>
    </ClCompile>
    <ClCompile Include="game\c_corvus8_anim.cpp">
      <Filter>Game</Filter>
    </ClCompile>
    <ClCompile Include="game\c_corvus9.cpp">
      <Filter>Game</Filter>
    </ClCompile>
    <ClCompile Include="game\c_corvus9_anim.cpp">
      <Filter>Game</Filter>
    </ClCompile>
    <ClCompile Include="game\c_dranor.cpp">
      <Filter>Game</Filter>
    </ClCompile>
    <ClCompile Include="game\c_dranor_anim.cpp">
      <Filter>Game</Filter>
    </ClCompile>
    <ClCompile Include="game\c_elflord.cpp">
      <Filter>Game</Filter>
    </ClCompile>
    <ClCompile Include="game\c_elflord_anim.cpp">
      <Filter>Game</Filter>
    </ClCompile>
    <ClCompile Include="game\c_morcalavin.cpp">
      <Filter>Game</Filter>
    </ClCompile>
    <ClCompile Include="game\c_morcalavin_anim.cpp">
      <Filter>Game</Filter>
    </ClCompile>
    <ClCompile Include="game\c_priestess.cpp">
      <Filter>Game</Filter>
    </ClCompile>
    <ClCompile Include="game\c_priestess_anim.cpp">
      <Filter>Game</Filter>
    </ClCompile>
    <ClCompile Include="game\c_priestess2.cpp">
      <Filter>Game</Filter>
    </ClCompile>
    <ClCompile Include="game\c_priestess2_anim.cpp">
      <Filter>Game</Filter>
    </ClCompile>
    <ClCompile Include="game\c_siernan1.cpp">
      <Filter>Game</Filter>
    </ClCompile>
    <ClCompile Include="game\c_siernan1_anim.cpp">
      <Filter>Game</Filter>
    </ClCompile>
    <ClCompile Include="game\c_siernan2.cpp">
      <Filter>Game</Filter>
    </ClCompile>
    <ClCompile Include="game\c_siernan2_anim.cpp">
      <Filter>Game</Filter>
    </ClCompile>
    <ClCompile Include="game\c_ssithrascout.cpp">
      <Filter>Game</Filter>
    </ClCompile>
    <ClCompile Include="game\c_ssithrascout_anim.cpp">
      <Filter>Game</Filter>
    </ClCompile>
    <ClCompile Include="game\c_tome.cpp">
      <Filter>Game</Filter>
    </ClCompile>
    <ClCompile Include="game\c_tome_anim.cpp">
      <Filter>Game</Filter>
    </ClCompile>
    <ClCompile Include="game\c_victimSsithra.cpp">
      <Filter>Game</Filter>
    </ClCompile>
    <ClCompile Include="game\c_victimSsithra_anim.cpp">
      <Filter>Game</Filter>
    </ClCompile>
    <ClCompile Include="game\decals.cpp">
      <Filter>Game</Filter>
    </ClCompile>
    <ClCompile Include="game\g_ai.cpp">
      <Filter>Game</Filter>
    </ClCompile>
    <ClCompile Include="game\g_breakable.cpp">
      <Filter>Game</Filter>
    </ClCompile>
    <ClCompile Include="game\g_ClassStatics.cpp">
      <Filter>Game</Filter>
    </ClCompile>
    <ClCompile Include="game\g_cmds.cpp">
      <Filter>Game</Filter>
    </ClCompile>
    <ClCompile Include="game\g_combat.cpp">
      <Filter>Game</Filter>
    </ClCompile>
    <ClCompile Include="game\g_DefaultMessageHandler.cpp">
      <Filter>Game</Filter>
    </ClCompile>
    <ClCompile Include="game\g_env.cpp">
      <Filter>Game</Filter>
    </ClCompile>
    <ClCompile Include="game\g_field.cpp">
      <Filter>Game</Filter>
    </ClCompile>
    <ClCompile Include="game\g_flamethrow.cpp">
      <Filter>Game</Filter>
    </ClCompile>
    <ClCompile Include="game\g_func.cpp">
      <Filter>Game</Filter>
    </ClCompile>
    <ClCompile Include="game\g_HitLocation.cpp">
      <Filter>Game</Filter>
    </ClCompile>
    <ClCompile Include="game\g_items.cpp">
      <Filter>Game</Filter>
    </ClCompile>
    <ClCompile Include="game\g_items_pickups.cpp">
      <Filter>Game</Filter>
    </ClCompile>
    <ClCompile Include="game\g_light.cpp">
      <Filter>Game</Filter>
    </ClCompile>
    <ClCompile Include="game\g_main.cpp">
      <Filter>Game</Filter>
    </ClCompile>
    <ClCompile Include="game\g_Message.cpp">
      <Filter>Game</Filter>
    </ClCompile>
    <ClCompile Include="game\g_misc.cpp">
      <Filter>Game</Filter>
    </ClCompile>
    <ClCompile Include="game\g_monster.cpp">
      <Filter>Game</Filter>
    </ClCompile>
    <ClCompile Include="game\g_MoveInfo.cpp">
      <Filter>Game</Filter>
    </ClCompile>
    <ClCompile Include="game\g_obj.cpp">
      <Filter>Game</Filter>
    </ClCompile>
    <ClCompile Include="game\g_phys.cpp">
      <Filter>Game</Filter>
    </ClCompile>
    <ClCompile Include="game\g_Physics.cpp">
      <Filter>Game</Filter>
    </ClCompile>
    <ClCompile Include="game\g_PhysicsInfo.cpp">
      <Filter>Game</Filter>
    </ClCompile>
    <ClCompile Include="game\g_ResourceManagers.cpp">
      <Filter>Game</Filter>
    </ClCompile>
    <ClCompile Include="game\g_rope.cpp">
      <Filter>Game</Filter>
    </ClCompile>
    <ClCompile Include="game\g_save.cpp">
      <Filter>Game</Filter>
    </ClCompile>
    <ClCompile Include="game\g_shrine.cpp">
      <Filter>Game</Filter>
    </ClCompile>
    <ClCompile Include="game\g_Skeletons.cpp">
      <Filter>Game</Filter>
    </ClCompile>
    <ClCompile Include="game\g_spawn.cpp">
      <Filter>Game</Filter>
    </ClCompile>
    <ClCompile Include="game\g_spawnf.cpp">
      <Filter>Game</Filter>
    </ClCompile>
    <ClCompile Include="game\g_StateInfo.cpp">
      <Filter>Game</Filter>
    </ClCompile>
    <ClCompile Include="game\g_svcmds.cpp">
      <Filter>Game</Filter>
    </ClCompile>
    <ClCompile Include="game\g_target.cpp">
      <Filter>Game</Filter>
    </ClCompile>
    <ClCompile Include="game\g_trigger.cpp">
      <Filter>Game</Filter>
    </ClCompile>
    <ClCompile Include="game\g_utils.cpp">
      <Filter>Game</Filter>
    </ClCompile>
    <ClCompile Include="game\g_waterfx.cpp">
      <Filter>Game</Filter>
    </ClCompile>
    <ClCompile Include="game\g_weapon.cpp">
      <Filter>Game</Filter>
    </ClCompile>
    <ClCompile Include="game\game_utilities.cpp">
      <Filter>Game</Filter>
    </ClCompile>
    <ClCompile Include="game\GameEntity.cpp">
      <Filter>Game</Filter>
    </ClCompile>
    <ClCompile Include="game\m_assassin.cpp">
      <Filter>Game</Filter>
    </ClCompile>
    <ClCompile Include="game\m_assassin_anim.cpp">
      <Filter>Game</Filter>
    </ClCompile>
    <ClCompile Include="game\m_beast.cpp">
      <Filter>Game</Filter>
    </ClCompile>
    <ClCompile Include="game\m_beast_anim.cpp">
      <Filter>Game</Filter>
    </ClCompile>
    <ClCompile Include="game\m_bee.cpp">
      <Filter>Game</Filter>
    </ClCompile>
    <ClCompile Include="game\m_chicken.cpp">
      <Filter>Game</Filter>
    </ClCompile>
    <ClCompile Include="game\m_chicken_anim.cpp">
      <Filter>Game</Filter>
    </ClCompile>
    <ClCompile Include="game\m_elflord.cpp">
      <Filter>Game</Filter>
    </ClCompile>
    <ClCompile Include="game\m_elflord_anims.cpp">
      <Filter>Game</Filter>
    </ClCompile>
    <ClCompile Include="game\m_fish.cpp">
      <Filter>Game</Filter>
    </ClCompile>
    <ClCompile Include="game\m_fish_anim.cpp">
      <Filter>Game</Filter>
    </ClCompile>
    <ClCompile Include="game\m_FMtest.cpp">
      <Filter>Game</Filter>
    </ClCompile>
    <ClCompile Include="game\m_gkrokon.cpp">
      <Filter>Game</Filter>
    </ClCompile>
    <ClCompile Include="game\m_gkrokon_anim.cpp">
      <Filter>Game</Filter>
    </ClCompile>
    <ClCompile Include="game\m_gorgon.cpp">
      <Filter>Game</Filter>
    </ClCompile>
    <ClCompile Include="game\m_gorgon_anim.cpp">
      <Filter>Game</Filter>
    </ClCompile>
    <ClCompile Include="game\m_harpy.cpp">
      <Filter>Game</Filter>
    </ClCompile>
    <ClCompile Include="game\m_harpy_anim.cpp">
      <Filter>Game</Filter>
    </ClCompile>
    <ClCompile Include="game\m_imp.cpp">
      <Filter>Game</Filter>
    </ClCompile>
    <ClCompile Include="game\m_imp_anim.cpp">
      <Filter>Game</Filter>
    </ClCompile>
    <ClCompile Include="game\m_morcalavin.cpp">
      <Filter>Game</Filter>
    </ClCompile>
    <ClCompile Include="game\m_morcalavin_anim.cpp">
      <Filter>Game</Filter>
    </ClCompile>
    <ClCompile Include="game\m_mother.cpp">
      <Filter>Game</Filter>
    </ClCompile>
    <ClCompile Include="game\m_mother_anim.cpp">
      <Filter>Game</Filter>
    </ClCompile>
    <ClCompile Include="game\m_move.cpp">
      <Filter>Game</Filter>
    </ClCompile>
    <ClCompile Include="game\m_mssithra.cpp">
      <Filter>Game</Filter>
    </ClCompile>
    <ClCompile Include="game\m_mssithra_anim.cpp">
      <Filter>Game</Filter>
    </ClCompile>
    <ClCompile Include="game\m_ogle.cpp">
      <Filter>Game</Filter>
    </ClCompile>
    <ClCompile Include="game\m_ogle_anim.cpp">
      <Filter>Game</Filter>
    </ClCompile>
    <ClCompile Include="game\m_plagueElf.cpp">
      <Filter>Game</Filter>
    </ClCompile>
    <ClCompile Include="game\m_plagueElf_anim.cpp">
      <Filter>Game</Filter>
    </ClCompile>
    <ClCompile Include="game\m_plagueSsithra.cpp">
      <Filter>Game</Filter>
    </ClCompile>
    <ClCompile Include="game\m_plagueSsithra_anim.cpp">
      <Filter>Game</Filter>
    </ClCompile>
    <ClCompile Include="game\m_priestess.cpp">
      <Filter>Game</Filter>
    </ClCompile>
    <ClCompile Include="game\m_priestess_anim.cpp">
      <Filter>Game</Filter>
    </ClCompile>
    <ClCompile Include="game\m_rat.cpp">
      <Filter>Game</Filter>
    </ClCompile>
    <ClCompile Include="game\m_rat_anim.cpp">
      <Filter>Game</Filter>
    </ClCompile>
    <ClCompile Include="game\m_seraph.cpp">
      <Filter>Game</Filter>
    </ClCompile>
    <ClCompile Include="game\m_seraph_anim.cpp">
      <Filter>Game</Filter>
    </ClCompile>
    <ClCompile Include="game\m_seraph_guard.cpp">
      <Filter>Game</Filter>
    </ClCompile>
    <ClCompile Include="game\m_seraph_guard_anim.cpp">
      <Filter>Game</Filter>
    </ClCompile>
    <ClCompile Include="game\m_spreader.cpp">
      <Filter>Game</Filter>
    </ClCompile>
    <ClCompile Include="game\m_spreader_anim.cpp">
      <Filter>Game</Filter>
    </ClCompile>
    <ClCompile Include="game\m_spreadermist.cpp">
      <Filter>Game</Filter>
    </ClCompile>
    <ClCompile Include="game\m_stats.cpp">
      <Filter>Game</Filter>
    </ClCompile>
    <ClCompile Include="game\m_tcheckrik.cpp">
      <Filter>Game</Filter>
    </ClCompile>
    <ClCompile Include="game\m_tcheckrik_anim.cpp">
      <Filter>Game</Filter>
    </ClCompile>
    <ClCompile Include="game\m_tcheckrik_spells.cpp">
      <Filter>Game</Filter>
    </ClCompile>
    <ClCompile Include="qcommon\Message.cpp">
      <Filter>Game</Filter>
    </ClCompile>
    <ClCompile Include="game\mg_ai.cpp">
      <Filter>Game</Filter>
    </ClCompile>
    <ClCompile Include="game\mg_guide.cpp">
      <Filter>Game</Filter>
    </ClCompile>
    <ClCompile Include="game\p_client.cpp">
      <Filter>Game</Filter>
    </ClCompile>
    <ClCompile Include="qcommon\p_dll.cpp">
      <Filter>Game</Filter>
    </ClCompile>
    <ClCompile Include="game\p_funcs.cpp">
      <Filter>Game</Filter>
    </ClCompile>
    <ClCompile Include="game\p_hud.cpp">
      <Filter>Game</Filter>
    </ClCompile>
    <ClCompile Include="game\p_item.cpp">
      <Filter>Game</Filter>
    </ClCompile>
    <ClCompile Include="game\p_view.cpp">
      <Filter>Game</Filter>
    </ClCompile>
    <ClCompile Include="game\q_shared.cpp">
      <Filter>Game</Filter>
    </ClCompile>
    <ClCompile Include="game\Script.cpp">
      <Filter>Game</Filter>
    </ClCompile>
    <ClCompile Include="qcommon\Skeletons.cpp">
      <Filter>Game</Filter>
    </ClCompile>
    <ClCompile Include="game\spl_blast.cpp">
      <Filter>Game</Filter>
    </ClCompile>
    <ClCompile Include="game\spl_BlueRing.cpp">
      <Filter>Game</Filter>
    </ClCompile>
    <ClCompile Include="game\spl_flyingfist.cpp">
      <Filter>Game</Filter>
    </ClCompile>
    <ClCompile Include="game\spl_HellStaff.cpp">
      <Filter>Game</Filter>
    </ClCompile>
    <ClCompile Include="game\spl_maceballs.cpp">
      <Filter>Game</Filter>
    </ClCompile>
    <ClCompile Include="game\spl_magicmissile.cpp">
      <Filter>Game</Filter>
    </ClCompile>
    <ClCompile Include="game\spl_meteorbarrier.cpp">
      <Filter>Game</Filter>
    </ClCompile>
    <ClCompile Include="game\spl_morph.cpp">
      <Filter>Game</Filter>
    </ClCompile>
    <ClCompile Include="game\spl_Phoenix.cpp">
      <Filter>Game</Filter>
    </ClCompile>
    <ClCompile Include="game\spl_powerup.cpp">
      <Filter>Game</Filter>
    </ClCompile>
    <ClCompile Include="game\spl_RedRain.cpp">
      <Filter>Game</Filter>
    </ClCompile>
    <ClCompile Include="game\spl_ripper.cpp">
      <Filter>Game</Filter>
    </ClCompile>
    <ClCompile Include="game\spl_shield.cpp">
      <Filter>Game</Filter>
    </ClCompile>
    <ClCompile Include="game\spl_sphereofannihlation.cpp">
      <Filter>Game</Filter>
    </ClCompile>
    <ClCompile Include="game\spl_teleport.cpp">
      <Filter>Game</Filter>
    </ClCompile>
    <ClCompile Include="game\spl_tornado.cpp">
      <Filter>Game</Filter>
    </ClCompile>
    <ClCompile Include="game\spl_wall.cpp">
      <Filter>Game</Filter>
    </ClCompile>
    <ClCompile Include="h2common\H2Console.cpp">
      <Filter>h2common</Filter>
    </ClCompile>
    <ClCompile Include="h2common\H2Math.cpp">
      <Filter>h2common</Filter>
    </ClCompile>
    <ClCompile Include="h2common\H2Motion.cpp">
      <Filter>h2common</Filter>
    </ClCompile>
    <ClCompile Include="h2common\H2Palette.cpp">
      <Filter>h2common</Filter>
    </ClCompile>
    <ClCompile Include="h2common\H2Physics.cpp">
      <Filter>h2common</Filter>
    </ClCompile>
    <ClCompile Include="h2common\H2Rand.cpp">
      <Filter>h2common</Filter>
    </ClCompile>
    <ClCompile Include="h2common\H2SinglyLinkedList.cpp">
      <Filter>h2common</Filter>
    </ClCompile>
    <ClCompile Include="h2common\H2Surfaces.cpp">
      <Filter>h2common</Filter>
    </ClCompile>
    <ClCompile Include="h2common\H2Vector.cpp">
      <Filter>h2common</Filter>
    </ClCompile>
    <ClCompile Include="Player\p_actions.cpp">
      <Filter>Player</Filter>
    </ClCompile>
    <ClCompile Include="Player\p_anim_branch.cpp">
      <Filter>Player</Filter>
    </ClCompile>
    <ClCompile Include="Player\p_anim_data.cpp">
      <Filter>Player</Filter>
    </ClCompile>
    <ClCompile Include="Player\p_animactor.cpp">
      <Filter>Player</Filter>
    </ClCompile>
    <ClCompile Include="Player\p_anims.cpp">
      <Filter>Player</Filter>
    </ClCompile>
    <ClCompile Include="Player\p_chicken.cpp">
      <Filter>Player</Filter>
    </ClCompile>
    <ClCompile Include="Player\p_chicken_anim.cpp">
      <Filter>Player</Filter>
    </ClCompile>
    <ClCompile Include="Player\p_ctrl.cpp">
      <Filter>Player</Filter>
    </ClCompile>
    <ClCompile Include="Player\p_items.cpp">
      <Filter>Player</Filter>
    </ClCompile>
    <ClCompile Include="Player\p_main.cpp">
      <Filter>Player</Filter>
    </ClCompile>
    <ClCompile Include="Player\p_weapon.cpp">
      <Filter>Player</Filter>
    </ClCompile>
    <ClCompile Include="Player\player_main.cpp">
      <Filter>Player</Filter>
    </ClCompile>
    <ClCompile Include="qcommon\cmd.cpp">
      <Filter>qcommon</Filter>
    </ClCompile>
    <ClCompile Include="qcommon\cmodel.cpp">
      <Filter>qcommon</Filter>
    </ClCompile>
    <ClCompile Include="qcommon\common.cpp">
      <Filter>qcommon</Filter>
    </ClCompile>
    <ClCompile Include="qcommon\crc.cpp">
      <Filter>qcommon</Filter>
    </ClCompile>
    <ClCompile Include="qcommon\cvar.cpp">
      <Filter>qcommon</Filter>
    </ClCompile>
    <ClCompile Include="qcommon\files.cpp">
      <Filter>qcommon</Filter>
    </ClCompile>
    <ClCompile Include="qcommon\md4.cpp">
      <Filter>qcommon</Filter>
    </ClCompile>
    <ClCompile Include="qcommon\net_chan.cpp">
      <Filter>qcommon</Filter>
    </ClCompile>
    <ClCompile Include="qcommon\NetMsg Read.cpp">
      <Filter>qcommon</Filter>
    </ClCompile>
    <ClCompile Include="qcommon\pmove.cpp">
      <Filter>qcommon</Filter>
    </ClCompile>
    <ClCompile Include="qcommon\Reference.cpp">
      <Filter>qcommon</Filter>
    </ClCompile>
    <ClCompile Include="ref_common\r_Skeletons.cpp">
      <Filter>ref_common</Filter>
    </ClCompile>
    <ClCompile Include="ref_gl\gl_book.cpp">
      <Filter>ref_gl</Filter>
    </ClCompile>
    <ClCompile Include="ref_gl\gl_draw.cpp">
      <Filter>ref_gl</Filter>
    </ClCompile>
    <ClCompile Include="ref_gl\gl_fmodel.cpp">
      <Filter>ref_gl</Filter>
    </ClCompile>
    <ClCompile Include="ref_gl\gl_image.cpp">
      <Filter>ref_gl</Filter>
    </ClCompile>
    <ClCompile Include="ref_gl\gl_light.cpp">
      <Filter>ref_gl</Filter>
    </ClCompile>
    <ClCompile Include="ref_gl\gl_math.cpp">
      <Filter>ref_gl</Filter>
    </ClCompile>
    <ClCompile Include="ref_gl\gl_mesh.cpp">
      <Filter>ref_gl</Filter>
    </ClCompile>
    <ClCompile Include="ref_gl\gl_model.cpp">
      <Filter>ref_gl</Filter>
    </ClCompile>
    <ClCompile Include="ref_gl\gl_movie.cpp">
      <Filter>ref_gl</Filter>
    </ClCompile>
    <ClCompile Include="ref_gl\gl_rmain.cpp">
      <Filter>ref_gl</Filter>
    </ClCompile>
    <ClCompile Include="ref_gl\gl_rmisc.cpp">
      <Filter>ref_gl</Filter>
    </ClCompile>
    <ClCompile Include="ref_gl\gl_rsurf.cpp">
      <Filter>ref_gl</Filter>
    </ClCompile>
    <ClCompile Include="ref_gl\gl_warp.cpp">
      <Filter>ref_gl</Filter>
    </ClCompile>
    <ClCompile Include="win32\glw_imp.cpp">
      <Filter>ref_gl</Filter>
    </ClCompile>
    <ClCompile Include="win32\q_shwin.cpp">
      <Filter>ref_gl</Filter>
    </ClCompile>
    <ClCompile Include="win32\qgl_win.cpp">
      <Filter>ref_gl</Filter>
    </ClCompile>
    <ClCompile Include="win32\cd_win.cpp">
      <Filter>win32</Filter>
    </ClCompile>
    <ClCompile Include="win32\conproc.cpp">
      <Filter>win32</Filter>
    </ClCompile>
    <ClCompile Include="win32\in_win.cpp">
      <Filter>win32</Filter>
    </ClCompile>
    <ClCompile Include="win32\net_wins.cpp">
      <Filter>win32</Filter>
    </ClCompile>
    <ClCompile Include="win32\sys_win.cpp">
      <Filter>win32</Filter>
    </ClCompile>
    <ClCompile Include="win32\vid_dll.cpp">
      <Filter>win32</Filter>
    </ClCompile>
    <ClCompile Include="win32\vid_menu.cpp">
      <Filter>win32</Filter>
    </ClCompile>
    <ClCompile Include="server\sv_ccmds.cpp">
      <Filter>server</Filter>
    </ClCompile>
    <ClCompile Include="server\sv_ents.cpp">
      <Filter>server</Filter>
    </ClCompile>
    <ClCompile Include="server\sv_game.cpp">
      <Filter>server</Filter>
    </ClCompile>
    <ClCompile Include="server\sv_init.cpp">
      <Filter>server</Filter>
    </ClCompile>
    <ClCompile Include="server\sv_main.cpp">
      <Filter>server</Filter>
    </ClCompile>
    <ClCompile Include="server\sv_send.cpp">
      <Filter>server</Filter>
    </ClCompile>
    <ClCompile Include="server\sv_user.cpp">
      <Filter>server</Filter>
    </ClCompile>
    <ClCompile Include="server\sv_world.cpp">
      <Filter>server</Filter>
    </ClCompile>
  </ItemGroup>
  <ItemGroup>
    <ClInclude Include="Player\p_actions.h">
      <Filter>Player</Filter>
    </ClInclude>
    <ClInclude Include="Player\p_anim_branch.h">
      <Filter>Player</Filter>
    </ClInclude>
    <ClInclude Include="Player\p_anim_data.h">
      <Filter>Player</Filter>
    </ClInclude>
    <ClInclude Include="Player\p_animactor.h">
      <Filter>Player</Filter>
    </ClInclude>
    <ClInclude Include="Player\p_anims.h">
      <Filter>Player</Filter>
    </ClInclude>
    <ClInclude Include="Player\p_chicken.h">
      <Filter>Player</Filter>
    </ClInclude>
    <ClInclude Include="Player\p_ctrl.h">
      <Filter>Player</Filter>
    </ClInclude>
    <ClInclude Include="Player\p_items.h">
      <Filter>Player</Filter>
    </ClInclude>
    <ClInclude Include="Player\p_main.h">
      <Filter>Player</Filter>
    </ClInclude>
    <ClInclude Include="Player\P_NewMove.h">
      <Filter>Player</Filter>
    </ClInclude>
    <ClInclude Include="Player\p_types.h">
      <Filter>Player</Filter>
    </ClInclude>
    <ClInclude Include="Player\p_weapon.h">
      <Filter>Player</Filter>
    </ClInclude>
    <ClInclude Include="Player\Player.h">
      <Filter>Player</Filter>
    </ClInclude>
    <ClInclude Include="game\decals.h">
      <Filter>Game</Filter>
    </ClInclude>
    <ClInclude Include="game\buoy.h">
      <Filter>Game</Filter>
    </ClInclude>
    <ClInclude Include="game\c_ai.h">
      <Filter>Game</Filter>
    </ClInclude>
    <ClInclude Include="game\c_corvus1.h">
      <Filter>Game</Filter>
    </ClInclude>
    <ClInclude Include="game\c_corvus1_anim.h">
      <Filter>Game</Filter>
    </ClInclude>
    <ClInclude Include="game\c_corvus2.h">
      <Filter>Game</Filter>
    </ClInclude>
    <ClInclude Include="game\c_corvus2_anim.h">
      <Filter>Game</Filter>
    </ClInclude>
    <ClInclude Include="game\c_corvus3.h">
      <Filter>Game</Filter>
    </ClInclude>
    <ClInclude Include="game\c_corvus3_anim.h">
      <Filter>Game</Filter>
    </ClInclude>
    <ClInclude Include="game\c_corvus4.h">
      <Filter>Game</Filter>
    </ClInclude>
    <ClInclude Include="game\c_corvus4_anim.h">
      <Filter>Game</Filter>
    </ClInclude>
    <ClInclude Include="game\c_corvus5.h">
      <Filter>Game</Filter>
    </ClInclude>
    <ClInclude Include="game\c_corvus5_anim.h">
      <Filter>Game</Filter>
    </ClInclude>
    <ClInclude Include="game\c_corvus6.h">
      <Filter>Game</Filter>
    </ClInclude>
    <ClInclude Include="game\c_corvus6_anim.h">
      <Filter>Game</Filter>
    </ClInclude>
    <ClInclude Include="game\c_corvus7.h">
      <Filter>Game</Filter>
    </ClInclude>
    <ClInclude Include="game\c_corvus7_anim.h">
      <Filter>Game</Filter>
    </ClInclude>
    <ClInclude Include="game\c_corvus8.h">
      <Filter>Game</Filter>
    </ClInclude>
    <ClInclude Include="game\c_corvus8_anim.h">
      <Filter>Game</Filter>
    </ClInclude>
    <ClInclude Include="game\c_corvus9.h">
      <Filter>Game</Filter>
    </ClInclude>
    <ClInclude Include="game\c_corvus9_anim.h">
      <Filter>Game</Filter>
    </ClInclude>
    <ClInclude Include="game\c_Dranor.h">
      <Filter>Game</Filter>
    </ClInclude>
    <ClInclude Include="game\c_dranor_anim.h">
      <Filter>Game</Filter>
    </ClInclude>
    <ClInclude Include="game\c_elflord.h">
      <Filter>Game</Filter>
    </ClInclude>
    <ClInclude Include="game\c_elflord_anim.h">
      <Filter>Game</Filter>
    </ClInclude>
    <ClInclude Include="game\c_morcalavin.h">
      <Filter>Game</Filter>
    </ClInclude>
    <ClInclude Include="game\c_morcalavin_anim.h">
      <Filter>Game</Filter>
    </ClInclude>
    <ClInclude Include="game\c_priestess.h">
      <Filter>Game</Filter>
    </ClInclude>
    <ClInclude Include="game\c_priestess_anim.h">
      <Filter>Game</Filter>
    </ClInclude>
    <ClInclude Include="game\c_priestess2.h">
      <Filter>Game</Filter>
    </ClInclude>
    <ClInclude Include="game\c_priestess2_anim.h">
      <Filter>Game</Filter>
    </ClInclude>
    <ClInclude Include="game\c_siernan1.h">
      <Filter>Game</Filter>
    </ClInclude>
    <ClInclude Include="game\c_siernan1_anim.h">
      <Filter>Game</Filter>
    </ClInclude>
    <ClInclude Include="game\c_siernan2.h">
      <Filter>Game</Filter>
    </ClInclude>
    <ClInclude Include="game\c_siernan2_anim.h">
      <Filter>Game</Filter>
    </ClInclude>
    <ClInclude Include="game\c_ssithrascout.h">
      <Filter>Game</Filter>
    </ClInclude>
    <ClInclude Include="game\c_ssithrascout_anim.h">
      <Filter>Game</Filter>
    </ClInclude>
    <ClInclude Include="game\c_tome.h">
      <Filter>Game</Filter>
    </ClInclude>
    <ClInclude Include="game\c_tome_anim.h">
      <Filter>Game</Filter>
    </ClInclude>
    <ClInclude Include="game\c_victimSsithra.h">
      <Filter>Game</Filter>
    </ClInclude>
    <ClInclude Include="game\c_victimSsithra_anim.h">
      <Filter>Game</Filter>
    </ClInclude>
    <ClInclude Include="game\ds.h">
      <Filter>Game</Filter>
    </ClInclude>
    <ClInclude Include="game\g_BoundingForm.h">
      <Filter>Game</Filter>
    </ClInclude>
    <ClInclude Include="game\g_ClassStatics.h">
      <Filter>Game</Filter>
    </ClInclude>
    <ClInclude Include="game\g_DefaultMessageHandler.h">
      <Filter>Game</Filter>
    </ClInclude>
    <ClInclude Include="game\g_Edict.h">
      <Filter>Game</Filter>
    </ClInclude>
    <ClInclude Include="game\g_HitLocation.h">
      <Filter>Game</Filter>
    </ClInclude>
    <ClInclude Include="game\g_items.h">
      <Filter>Game</Filter>
    </ClInclude>
    <ClInclude Include="game\g_itemstats.h">
      <Filter>Game</Filter>
    </ClInclude>
    <ClInclude Include="game\g_local.h">
      <Filter>Game</Filter>
    </ClInclude>
    <ClInclude Include="game\g_Message.h">
      <Filter>Game</Filter>
    </ClInclude>
    <ClInclude Include="game\g_misc.h">
      <Filter>Game</Filter>
    </ClInclude>
    <ClInclude Include="game\g_monster.h">
      <Filter>Game</Filter>
    </ClInclude>
    <ClInclude Include="game\g_Monster_State.h">
      <Filter>Game</Filter>
    </ClInclude>
    <ClInclude Include="game\g_MoveInfo.h">
      <Filter>Game</Filter>
    </ClInclude>
    <ClInclude Include="game\g_NewSystem.h">
      <Filter>Game</Filter>
    </ClInclude>
    <ClInclude Include="game\g_Physics.h">
      <Filter>Game</Filter>
    </ClInclude>
    <ClInclude Include="game\g_PhysicsInfo.h">
      <Filter>Game</Filter>
    </ClInclude>
    <ClInclude Include="game\g_playstats.h">
      <Filter>Game</Filter>
    </ClInclude>
    <ClInclude Include="game\g_Skeleton.h">
      <Filter>Game</Filter>
    </ClInclude>
    <ClInclude Include="game\g_Skeletons.h">
      <Filter>Game</Filter>
    </ClInclude>
    <ClInclude Include="game\g_StateInfo.h">
      <Filter>Game</Filter>
    </ClInclude>
    <ClInclude Include="game\g_teleport.h">
      <Filter>Game</Filter>
    </ClInclude>
    <ClInclude Include="game\g_Typedef.h">
      <Filter>Game</Filter>
    </ClInclude>
    <ClInclude Include="game\g_volume_effect.h">
      <Filter>Game</Filter>
    </ClInclude>
    <ClInclude Include="game\g_weapon.h">
      <Filter>Game</Filter>
    </ClInclude>
    <ClInclude Include="game\game.h">
      <Filter>Game</Filter>
    </ClInclude>
    <ClInclude Include="game\GameEntity.h">
      <Filter>Game</Filter>
    </ClInclude>
    <ClInclude Include="game\ICScript.h">
      <Filter>Game</Filter>
    </ClInclude>
    <ClInclude Include="game\list.h">
      <Filter>Game</Filter>
    </ClInclude>
    <ClInclude Include="game\m_actor.h">
      <Filter>Game</Filter>
    </ClInclude>
    <ClInclude Include="game\m_assassin.h">
      <Filter>Game</Filter>
    </ClInclude>
    <ClInclude Include="game\m_assassin_anim.h">
      <Filter>Game</Filter>
    </ClInclude>
    <ClInclude Include="game\m_beast.h">
      <Filter>Game</Filter>
    </ClInclude>
    <ClInclude Include="game\m_beast_anim.h">
      <Filter>Game</Filter>
    </ClInclude>
    <ClInclude Include="game\m_chicken.h">
      <Filter>Game</Filter>
    </ClInclude>
    <ClInclude Include="game\m_chicken_anim.h">
      <Filter>Game</Filter>
    </ClInclude>
    <ClInclude Include="game\m_elf.h">
      <Filter>Game</Filter>
    </ClInclude>
    <ClInclude Include="game\m_elflord.h">
      <Filter>Game</Filter>
    </ClInclude>
    <ClInclude Include="game\m_elflord_anims.h">
      <Filter>Game</Filter>
    </ClInclude>
    <ClInclude Include="game\m_fish.h">
      <Filter>Game</Filter>
    </ClInclude>
    <ClInclude Include="game\m_fish_anim.h">
      <Filter>Game</Filter>
    </ClInclude>
    <ClInclude Include="game\m_gkrokon.h">
      <Filter>Game</Filter>
    </ClInclude>
    <ClInclude Include="game\m_gkrokon_anim.h">
      <Filter>Game</Filter>
    </ClInclude>
    <ClInclude Include="game\m_gorgon.h">
      <Filter>Game</Filter>
    </ClInclude>
    <ClInclude Include="game\m_gorgon_anim.h">
      <Filter>Game</Filter>
    </ClInclude>
    <ClInclude Include="game\m_harpy.h">
      <Filter>Game</Filter>
    </ClInclude>
    <ClInclude Include="game\m_harpy_anim.h">
      <Filter>Game</Filter>
    </ClInclude>
    <ClInclude Include="game\m_imp.h">
      <Filter>Game</Filter>
    </ClInclude>
    <ClInclude Include="game\m_imp_anim.h">
      <Filter>Game</Filter>
    </ClInclude>
    <ClInclude Include="game\m_morcalavin.h">
      <Filter>Game</Filter>
    </ClInclude>
    <ClInclude Include="game\m_morcalavin_anim.h">
      <Filter>Game</Filter>
    </ClInclude>
    <ClInclude Include="game\m_mother.h">
      <Filter>Game</Filter>
    </ClInclude>
    <ClInclude Include="game\m_mother_anim.h">
      <Filter>Game</Filter>
    </ClInclude>
    <ClInclude Include="game\m_mssithra.h">
      <Filter>Game</Filter>
    </ClInclude>
    <ClInclude Include="game\m_mssithra_anim.h">
      <Filter>Game</Filter>
    </ClInclude>
    <ClInclude Include="game\m_ogle.h">
      <Filter>Game</Filter>
    </ClInclude>
    <ClInclude Include="game\m_ogle_anim.h">
      <Filter>Game</Filter>
    </ClInclude>
    <ClInclude Include="game\m_plagueElf.h">
      <Filter>Game</Filter>
    </ClInclude>
    <ClInclude Include="game\m_plagueElf_anim.h">
      <Filter>Game</Filter>
    </ClInclude>
    <ClInclude Include="game\m_plagueSsithra.h">
      <Filter>Game</Filter>
    </ClInclude>
    <ClInclude Include="game\m_plagueSsithra_anim.h">
      <Filter>Game</Filter>
    </ClInclude>
    <ClInclude Include="game\m_player.h">
      <Filter>Game</Filter>
    </ClInclude>
    <ClInclude Include="game\m_priestess.h">
      <Filter>Game</Filter>
    </ClInclude>
    <ClInclude Include="game\m_priestess_anim.h">
      <Filter>Game</Filter>
    </ClInclude>
    <ClInclude Include="game\m_rat.h">
      <Filter>Game</Filter>
    </ClInclude>
    <ClInclude Include="game\m_rat_anim.h">
      <Filter>Game</Filter>
    </ClInclude>
    <ClInclude Include="game\m_seraph.h">
      <Filter>Game</Filter>
    </ClInclude>
    <ClInclude Include="game\m_seraph_anim.h">
      <Filter>Game</Filter>
    </ClInclude>
    <ClInclude Include="game\m_seraph_guard.h">
      <Filter>Game</Filter>
    </ClInclude>
    <ClInclude Include="game\m_seraph_guard_anim.h">
      <Filter>Game</Filter>
    </ClInclude>
    <ClInclude Include="game\m_spreader.h">
      <Filter>Game</Filter>
    </ClInclude>
    <ClInclude Include="game\m_spreader_anim.h">
      <Filter>Game</Filter>
    </ClInclude>
    <ClInclude Include="game\m_spreaderbomb_anim.h">
      <Filter>Game</Filter>
    </ClInclude>
    <ClInclude Include="game\m_spreadermist.h">
      <Filter>Game</Filter>
    </ClInclude>
    <ClInclude Include="game\m_stats.h">
      <Filter>Game</Filter>
    </ClInclude>
    <ClInclude Include="game\m_tcheckrik.h">
      <Filter>Game</Filter>
    </ClInclude>
    <ClInclude Include="game\m_tcheckrik_anim.h">
      <Filter>Game</Filter>
    </ClInclude>
    <ClInclude Include="game\mg_guide.h">
      <Filter>Game</Filter>
    </ClInclude>
    <ClInclude Include="game\p_funcs.h">
      <Filter>Game</Filter>
    </ClInclude>
    <ClInclude Include="game\p_item.h">
      <Filter>Game</Filter>
    </ClInclude>
    <ClInclude Include="game\pcode.h">
      <Filter>Game</Filter>
    </ClInclude>
    <ClInclude Include="game\q_shared.h">
      <Filter>Game</Filter>
    </ClInclude>
    <ClInclude Include="game\Utilities.h">
      <Filter>Game</Filter>
    </ClInclude>
    <ClInclude Include="client effects\ambient effects.h">
      <Filter>Client Effects</Filter>
    </ClInclude>
    <ClInclude Include="client effects\ce_DefaultMessageHandler.h">
      <Filter>Client Effects</Filter>
    </ClInclude>
    <ClInclude Include="client effects\ce_DLight.h">
      <Filter>Client Effects</Filter>
    </ClInclude>
    <ClInclude Include="client effects\ce_Message.h">
      <Filter>Client Effects</Filter>
    </ClInclude>
    <ClInclude Include="client effects\Client Effects.h">
      <Filter>Client Effects</Filter>
    </ClInclude>
    <ClInclude Include="client effects\Client Entities.h">
      <Filter>Client Effects</Filter>
    </ClInclude>
    <ClInclude Include="client effects\fx_debris.h">
      <Filter>Client Effects</Filter>
    </ClInclude>
    <ClInclude Include="client effects\fx_dustpuff.h">
      <Filter>Client Effects</Filter>
    </ClInclude>
    <ClInclude Include="client effects\Particle.h">
      <Filter>Client Effects</Filter>
    </ClInclude>
    <ClInclude Include="client effects\Utilities.h">
      <Filter>Client Effects</Filter>
    </ClInclude>
    <ClInclude Include="h2common\Math\Angles.h">
      <Filter>h2common\Math</Filter>
    </ClInclude>
    <ClInclude Include="h2common\Math\Matrix.h">
      <Filter>h2common\Math</Filter>
    </ClInclude>
    <ClInclude Include="h2common\Math\Vector.h">
      <Filter>h2common\Math</Filter>
    </ClInclude>
    <ClInclude Include="ref_common\fmodel.h">
      <Filter>ref_common</Filter>
    </ClInclude>
    <ClInclude Include="ref_common\m_Reference.h">
      <Filter>ref_common</Filter>
    </ClInclude>
    <ClInclude Include="ref_common\m_SkeletalCluster.h">
      <Filter>ref_common</Filter>
    </ClInclude>
    <ClInclude Include="ref_common\m_Skeleton.h">
      <Filter>ref_common</Filter>
    </ClInclude>
    <ClInclude Include="ref_common\part_uvs.h">
      <Filter>ref_common</Filter>
    </ClInclude>
    <ClInclude Include="ref_common\q_fmodel.h">
      <Filter>ref_common</Filter>
    </ClInclude>
    <ClInclude Include="ref_common\qd_skeletons.h">
      <Filter>ref_common</Filter>
    </ClInclude>
    <ClInclude Include="ref_common\r_Skeletons.h">
      <Filter>ref_common</Filter>
    </ClInclude>
    <ClInclude Include="ref_gl\anorms.h">
      <Filter>ref_gl</Filter>
    </ClInclude>
    <ClInclude Include="ref_gl\anormtab.h">
      <Filter>ref_gl</Filter>
    </ClInclude>
    <ClInclude Include="ref_gl\gl_local.h">
      <Filter>ref_gl</Filter>
    </ClInclude>
    <ClInclude Include="ref_gl\gl_model.h">
      <Filter>ref_gl</Filter>
    </ClInclude>
    <ClInclude Include="ref_gl\qgl.h">
      <Filter>ref_gl</Filter>
    </ClInclude>
    <ClInclude Include="ref_gl\warpsin.h">
      <Filter>ref_gl</Filter>
    </ClInclude>
    <ClInclude Include="ref_gl\GL\eglew.h">
      <Filter>ref_gl\GL</Filter>
    </ClInclude>
    <ClInclude Include="ref_gl\GL\glew.h">
      <Filter>ref_gl\GL</Filter>
    </ClInclude>
    <ClInclude Include="ref_gl\GL\glxew.h">
      <Filter>ref_gl\GL</Filter>
    </ClInclude>
    <ClInclude Include="ref_gl\GL\wglew.h">
      <Filter>ref_gl\GL</Filter>
    </ClInclude>
    <ClInclude Include="server\server.h">
      <Filter>server</Filter>
    </ClInclude>
    <ClInclude Include="WinSnd\ALut\alutInternal.h">
      <Filter>WinSnd\ALut</Filter>
    </ClInclude>
    <ClInclude Include="client\adivtab.h">
      <Filter>client</Filter>
    </ClInclude>
    <ClInclude Include="client\anorms.h">
      <Filter>client</Filter>
    </ClInclude>
    <ClInclude Include="client\asm_i386.h">
      <Filter>client</Filter>
    </ClInclude>
    <ClInclude Include="client\block8.h">
      <Filter>client</Filter>
    </ClInclude>
    <ClInclude Include="client\block16.h">
      <Filter>client</Filter>
    </ClInclude>
    <ClInclude Include="client\cdaudio.h">
      <Filter>client</Filter>
    </ClInclude>
    <ClInclude Include="client\client.h">
      <Filter>client</Filter>
    </ClInclude>
    <ClInclude Include="client\console.h">
      <Filter>client</Filter>
    </ClInclude>
    <ClInclude Include="client\input.h">
      <Filter>client</Filter>
    </ClInclude>
    <ClInclude Include="client\keys.h">
      <Filter>client</Filter>
    </ClInclude>
    <ClInclude Include="client\qmenu.h">
      <Filter>client</Filter>
    </ClInclude>
    <ClInclude Include="client\ref.h">
      <Filter>client</Filter>
    </ClInclude>
    <ClInclude Include="client\screen.h">
      <Filter>client</Filter>
    </ClInclude>
    <ClInclude Include="client\vid.h">
      <Filter>client</Filter>
    </ClInclude>
    <ClInclude Include="qcommon\Angles.h">
      <Filter>qcommon</Filter>
    </ClInclude>
    <ClInclude Include="qcommon\anorms.h">
      <Filter>qcommon</Filter>
    </ClInclude>
    <ClInclude Include="qcommon\ArrayedList.h">
      <Filter>qcommon</Filter>
    </ClInclude>
    <ClInclude Include="qcommon\asm.h">
      <Filter>qcommon</Filter>
    </ClInclude>
    <ClInclude Include="qcommon\cdaudio.h">
      <Filter>qcommon</Filter>
    </ClInclude>
    <ClInclude Include="qcommon\cl_strings.h">
      <Filter>qcommon</Filter>
    </ClInclude>
    <ClInclude Include="qcommon\cmodel.h">
      <Filter>qcommon</Filter>
    </ClInclude>
    <ClInclude Include="qcommon\cmodel_private.h">
      <Filter>qcommon</Filter>
    </ClInclude>
    <ClInclude Include="qcommon\compfmod.h">
      <Filter>qcommon</Filter>
    </ClInclude>
    <ClInclude Include="qcommon\crc.h">
      <Filter>qcommon</Filter>
    </ClInclude>
    <ClInclude Include="qcommon\EffectFlags.h">
      <Filter>qcommon</Filter>
    </ClInclude>
    <ClInclude Include="qcommon\fc.h">
      <Filter>qcommon</Filter>
    </ClInclude>
    <ClInclude Include="qcommon\flex.h">
      <Filter>qcommon</Filter>
    </ClInclude>
    <ClInclude Include="qcommon\FX.h">
      <Filter>qcommon</Filter>
    </ClInclude>
    <ClInclude Include="qcommon\GenericUnions.h">
      <Filter>qcommon</Filter>
    </ClInclude>
    <ClInclude Include="qcommon\H2Common.h">
      <Filter>qcommon</Filter>
    </ClInclude>
    <ClInclude Include="qcommon\items.h">
      <Filter>qcommon</Filter>
    </ClInclude>
    <ClInclude Include="qcommon\LevelMaps.h">
      <Filter>qcommon</Filter>
    </ClInclude>
    <ClInclude Include="qcommon\Matrix.h">
      <Filter>qcommon</Filter>
    </ClInclude>
    <ClInclude Include="qcommon\Message.h">
      <Filter>qcommon</Filter>
    </ClInclude>
    <ClInclude Include="qcommon\ModelJoints.h">
      <Filter>qcommon</Filter>
    </ClInclude>
    <ClInclude Include="qcommon\motion.h">
      <Filter>qcommon</Filter>
    </ClInclude>
    <ClInclude Include="qcommon\Placement.h">
      <Filter>qcommon</Filter>
    </ClInclude>
    <ClInclude Include="qcommon\playeranim.h">
      <Filter>qcommon</Filter>
    </ClInclude>
    <ClInclude Include="qcommon\PrimitiveDisplayHack.h">
      <Filter>qcommon</Filter>
    </ClInclude>
    <ClInclude Include="qcommon\q_ClientServer.h">
      <Filter>qcommon</Filter>
    </ClInclude>
    <ClInclude Include="qcommon\q_math.h">
      <Filter>qcommon</Filter>
    </ClInclude>
    <ClInclude Include="qcommon\q_Physics.h">
      <Filter>qcommon</Filter>
    </ClInclude>
    <ClInclude Include="qcommon\q_Sprite.h">
      <Filter>qcommon</Filter>
    </ClInclude>
    <ClInclude Include="qcommon\q_Surface.h">
      <Filter>qcommon</Filter>
    </ClInclude>
    <ClInclude Include="qcommon\q_Typedef.h">
      <Filter>qcommon</Filter>
    </ClInclude>
    <ClInclude Include="qcommon\qcommon.h">
      <Filter>qcommon</Filter>
    </ClInclude>
    <ClInclude Include="qcommon\qfiles.h">
      <Filter>qcommon</Filter>
    </ClInclude>
    <ClInclude Include="qcommon\random.h">
      <Filter>qcommon</Filter>
    </ClInclude>
    <ClInclude Include="qcommon\Reference.h">
      <Filter>qcommon</Filter>
    </ClInclude>
    <ClInclude Include="qcommon\ResourceManager.h">
      <Filter>qcommon</Filter>
    </ClInclude>
    <ClInclude Include="qcommon\SinglyLinkedList.h">
      <Filter>qcommon</Filter>
    </ClInclude>
    <ClInclude Include="qcommon\Skeletons.h">
      <Filter>qcommon</Filter>
    </ClInclude>
    <ClInclude Include="qcommon\surfaceprops.h">
      <Filter>qcommon</Filter>
    </ClInclude>
    <ClInclude Include="qcommon\timing.h">
      <Filter>qcommon</Filter>
    </ClInclude>
    <ClInclude Include="qcommon\tokens.h">
      <Filter>qcommon</Filter>
    </ClInclude>
    <ClInclude Include="qcommon\Vector.h">
      <Filter>qcommon</Filter>
    </ClInclude>
    <ClInclude Include="qcommon\VerifyA3D.h">
      <Filter>qcommon</Filter>
    </ClInclude>
    <ClInclude Include="win32\conproc.h">
      <Filter>win32</Filter>
    </ClInclude>
    <ClInclude Include="win32\resource.h">
      <Filter>win32</Filter>
    </ClInclude>
  </ItemGroup>
  <ItemGroup>
    <ResourceCompile Include="win32\Resource.rc">
      <Filter>win32</Filter>
    </ResourceCompile>
  </ItemGroup>
</Project>