<?xml version="1.0" encoding="utf-8"?>
<Project ToolsVersion="4.0" xmlns="http://schemas.microsoft.com/developer/msbuild/2003">
  <ItemGroup>
    <Filter Include="Source Files">
      <UniqueIdentifier>{ff7bda46-cbb9-4bc0-ae7b-1104e549c739}</UniqueIdentifier>
      <Extensions>cpp;c;cxx;rc;def;r;odl;hpj;bat;for;f90</Extensions>
    </Filter>
    <Filter Include="Header Files">
      <UniqueIdentifier>{ee93b978-9351-4753-9bb1-8745bdf8502c}</UniqueIdentifier>
      <Extensions>h;hpp;hxx;hm;inl;fi;fd</Extensions>
    </Filter>
    <Filter Include="Resource Files">
      <UniqueIdentifier>{2c515518-69cd-4a06-8c74-a75ceaec1e55}</UniqueIdentifier>
      <Extensions>ico;cur;bmp;dlg;rc2;rct;bin;cnt;rtf;gif;jpg;jpeg;jpe</Extensions>
    </Filter>
  </ItemGroup>
  <ItemGroup>
    <ClCompile Include="win32\cd_win.c">
      <Filter>Source Files</Filter>
    </ClCompile>
    <ClCompile Include="client\cl_cin.c">
      <Filter>Source Files</Filter>
    </ClCompile>
    <ClCompile Include="client\cl_ents.c">
      <Filter>Source Files</Filter>
    </ClCompile>
    <ClCompile Include="client\cl_fx.c">
      <Filter>Source Files</Filter>
    </ClCompile>
    <ClCompile Include="client\cl_input.c">
      <Filter>Source Files</Filter>
    </ClCompile>
    <ClCompile Include="client\cl_inv.c">
      <Filter>Source Files</Filter>
    </ClCompile>
    <ClCompile Include="client\cl_main.c">
      <Filter>Source Files</Filter>
    </ClCompile>
    <ClCompile Include="client\cl_parse.c">
      <Filter>Source Files</Filter>
    </ClCompile>
    <ClCompile Include="client\cl_pred.c">
      <Filter>Source Files</Filter>
    </ClCompile>
    <ClCompile Include="client\cl_scrn.c">
      <Filter>Source Files</Filter>
    </ClCompile>
    <ClCompile Include="client\cl_view.c">
      <Filter>Source Files</Filter>
    </ClCompile>
    <ClCompile Include="qcommon\cmd.c">
      <Filter>Source Files</Filter>
    </ClCompile>
    <ClCompile Include="qcommon\cmodel.c">
      <Filter>Source Files</Filter>
    </ClCompile>
    <ClCompile Include="qcommon\common.c">
      <Filter>Source Files</Filter>
    </ClCompile>
    <ClCompile Include="win32\conproc.c">
      <Filter>Source Files</Filter>
    </ClCompile>
    <ClCompile Include="client\console.c">
      <Filter>Source Files</Filter>
    </ClCompile>
    <ClCompile Include="qcommon\crc.c">
      <Filter>Source Files</Filter>
    </ClCompile>
    <ClCompile Include="qcommon\cvar.c">
      <Filter>Source Files</Filter>
    </ClCompile>
    <ClCompile Include="qcommon\files.c">
      <Filter>Source Files</Filter>
    </ClCompile>
    <ClCompile Include="win32\in_win.c">
      <Filter>Source Files</Filter>
    </ClCompile>
    <ClCompile Include="client\keys.c">
      <Filter>Source Files</Filter>
    </ClCompile>
    <ClCompile Include="qcommon\md4.c">
      <Filter>Source Files</Filter>
    </ClCompile>
    <ClCompile Include="client\menu.c">
      <Filter>Source Files</Filter>
    </ClCompile>
    <ClCompile Include="qcommon\net_chan.c">
      <Filter>Source Files</Filter>
    </ClCompile>
    <ClCompile Include="win32\net_wins.c">
      <Filter>Source Files</Filter>
    </ClCompile>
    <ClCompile Include="qcommon\pmove.c">
      <Filter>Source Files</Filter>
    </ClCompile>
    <ClCompile Include="game\q_shared.c">
      <Filter>Source Files</Filter>
    </ClCompile>
    <ClCompile Include="win32\q_shwin.c">
      <Filter>Source Files</Filter>
    </ClCompile>
    <ClCompile Include="client\qmenu.c">
      <Filter>Source Files</Filter>
    </ClCompile>
    <ClCompile Include="server\sv_ccmds.c">
      <Filter>Source Files</Filter>
    </ClCompile>
    <ClCompile Include="server\sv_ents.c">
      <Filter>Source Files</Filter>
    </ClCompile>
    <ClCompile Include="server\sv_game.c">
      <Filter>Source Files</Filter>
    </ClCompile>
    <ClCompile Include="server\sv_init.c">
      <Filter>Source Files</Filter>
    </ClCompile>
    <ClCompile Include="server\sv_main.c">
      <Filter>Source Files</Filter>
    </ClCompile>
    <ClCompile Include="server\sv_send.c">
      <Filter>Source Files</Filter>
    </ClCompile>
    <ClCompile Include="server\sv_user.c">
      <Filter>Source Files</Filter>
    </ClCompile>
    <ClCompile Include="server\sv_world.c">
      <Filter>Source Files</Filter>
    </ClCompile>
    <ClCompile Include="win32\sys_win.c">
      <Filter>Source Files</Filter>
    </ClCompile>
    <ClCompile Include="win32\vid_dll.c">
      <Filter>Source Files</Filter>
    </ClCompile>
    <ClCompile Include="win32\vid_menu.c">
      <Filter>Source Files</Filter>
    </ClCompile>
    <ClCompile Include="client\x86.c">
      <Filter>Source Files</Filter>
    </ClCompile>
  </ItemGroup>
  <ItemGroup>
    <ClInclude Include="client\anorms.h">
      <Filter>Header Files</Filter>
    </ClInclude>
    <ClInclude Include="qcommon\bspfile.h">
      <Filter>Header Files</Filter>
    </ClInclude>
    <ClInclude Include="client\cdaudio.h">
      <Filter>Header Files</Filter>
    </ClInclude>
    <ClInclude Include="client\client.h">
      <Filter>Header Files</Filter>
    </ClInclude>
    <ClInclude Include="win32\conproc.h">
      <Filter>Header Files</Filter>
    </ClInclude>
    <ClInclude Include="client\console.h">
      <Filter>Header Files</Filter>
    </ClInclude>
    <ClInclude Include="game\game.h">
      <Filter>Header Files</Filter>
    </ClInclude>
    <ClInclude Include="client\input.h">
      <Filter>Header Files</Filter>
    </ClInclude>
    <ClInclude Include="client\keys.h">
      <Filter>Header Files</Filter>
    </ClInclude>
    <ClInclude Include="game\q_shared.h">
      <Filter>Header Files</Filter>
    </ClInclude>
    <ClInclude Include="qcommon\qcommon.h">
      <Filter>Header Files</Filter>
    </ClInclude>
    <ClInclude Include="qcommon\qfiles.h">
      <Filter>Header Files</Filter>
    </ClInclude>
    <ClInclude Include="client\qmenu.h">
      <Filter>Header Files</Filter>
    </ClInclude>
    <ClInclude Include="client\ref.h">
      <Filter>Header Files</Filter>
    </ClInclude>
    <ClInclude Include="client\screen.h">
      <Filter>Header Files</Filter>
    </ClInclude>
    <ClInclude Include="server\server.h">
      <Filter>Header Files</Filter>
    </ClInclude>
    <ClInclude Include="client\snd_loc.h">
      <Filter>Header Files</Filter>
    </ClInclude>
    <ClInclude Include="client\sound.h">
      <Filter>Header Files</Filter>
    </ClInclude>
    <ClInclude Include="client\vid.h">
      <Filter>Header Files</Filter>
    </ClInclude>
    <ClInclude Include="win32\winquake.h">
      <Filter>Header Files</Filter>
    </ClInclude>
  </ItemGroup>
</Project>