<?xml version="1.0" encoding="utf-8"?>
<Project ToolsVersion="4.0" xmlns="http://schemas.microsoft.com/developer/msbuild/2003">
  <ItemGroup>
    <Filter Include="Source Files">
      <UniqueIdentifier>{4FC737F1-C7A5-4376-A066-2A32D752A2FF}</UniqueIdentifier>
      <Extensions>cpp;c;cc;cxx;def;odl;idl;hpj;bat;asm;asmx</Extensions>
    </Filter>
    <Filter Include="Header Files">
      <UniqueIdentifier>{93995380-89BD-4b04-88EB-625FBE52EBFB}</UniqueIdentifier>
      <Extensions>h;hh;hpp;hxx;hm;inl;inc;xsd</Extensions>
    </Filter>
    <Filter Include="Resource Files">
      <UniqueIdentifier>{42377121-804b-4a12-8ddc-022d373a58c8}</UniqueIdentifier>
    </Filter>
    <Filter Include="Source Files\Math">
      <UniqueIdentifier>{31b7fe78-11e1-4a3a-bcf5-67ecfa726fdb}</UniqueIdentifier>
    </Filter>
  </ItemGroup>
  <ItemGroup>
    <ClCompile Include="q_shared.c">
      <Filter>Source Files</Filter>
    </ClCompile>
    <ClCompile Include="H2Math.c">
      <Filter>Source Files</Filter>
    </ClCompile>
    <ClCompile Include="DllMain.c">
      <Filter>Source Files</Filter>
    </ClCompile>
    <ClCompile Include="H2Surfaces.c">
      <Filter>Source Files</Filter>
    </ClCompile>
    <ClCompile Include="H2SinglyLinkedList.c">
      <Filter>Source Files</Filter>
    </ClCompile>
    <ClCompile Include="H2Motion.c">
      <Filter>Source Files</Filter>
    </ClCompile>
    <ClCompile Include="H2Physics.c">
      <Filter>Source Files</Filter>
    </ClCompile>
    <ClCompile Include="H2Console.c">
      <Filter>Source Files</Filter>
    </ClCompile>
    <ClCompile Include="H2Rand.c">
      <Filter>Source Files</Filter>
    </ClCompile>
    <ClCompile Include="H2Vector.c">
      <Filter>Source Files</Filter>
    </ClCompile>
    <ClCompile Include="H2Palette.c">
      <Filter>Source Files</Filter>
    </ClCompile>
    <ClCompile Include="Math\Martix.cpp">
      <Filter>Source Files\Math</Filter>
    </ClCompile>
    <ClCompile Include="H2Matrix.cpp">
      <Filter>Source Files</Filter>
    </ClCompile>
    <ClCompile Include="..\qcommon\ResourceManager.cpp">
      <Filter>Source Files</Filter>
    </ClCompile>
  </ItemGroup>
  <ItemGroup>
    <ClInclude Include="..\qcommon\H2Common.h">
      <Filter>Header Files</Filter>
    </ClInclude>
    <ClInclude Include="..\qcommon\ResourceManager.h">
      <Filter>Header Files</Filter>
    </ClInclude>
    <ClInclude Include="..\game\q_shared.h">
      <Filter>Header Files</Filter>
    </ClInclude>
    <ClInclude Include="..\qcommon\Matrix.h">
      <Filter>Header Files</Filter>
    </ClInclude>
    <ClInclude Include="Math\Matrix.h">
      <Filter>Source Files\Math</Filter>
    </ClInclude>
    <ClInclude Include="Math\Vector.h">
      <Filter>Source Files\Math</Filter>
    </ClInclude>
    <ClInclude Include="Math\Angles.h">
      <Filter>Source Files\Math</Filter>
    </ClInclude>
    <ClInclude Include="..\qcommon\SinglyLinkedList.h">
      <Filter>Header Files</Filter>
    </ClInclude>
    <ClInclude Include="..\qcommon\q_Typedef.h">
      <Filter>Header Files</Filter>
    </ClInclude>
  </ItemGroup>
  <ItemGroup>
    <None Include="H2Common.def">
      <Filter>Source Files</Filter>
    </None>
  </ItemGroup>
  <ItemGroup>
    <Library Include="..\Final\quake2.lib" />
  </ItemGroup>
</Project>