<?xml version="1.0" encoding="utf-8"?>
<Project ToolsVersion="4.0" xmlns="http://schemas.microsoft.com/developer/msbuild/2003">
  <ItemGroup>
    <Filter Include="Source Files">
      <UniqueIdentifier>{4cfe566a-2d02-4922-9d3d-3e38e65a898b}</UniqueIdentifier>
      <Extensions>cpp;c</Extensions>
    </Filter>
    <Filter Include="Header Files">
      <UniqueIdentifier>{f5c7c777-2c90-4785-83d9-263023498acd}</UniqueIdentifier>
      <Extensions>h</Extensions>
    </Filter>
    <Filter Include="Resources">
      <UniqueIdentifier>{a6a28407-3893-4689-83da-a4b30a23d13e}</UniqueIdentifier>
      <Extensions>def</Extensions>
    </Filter>
  </ItemGroup>
  <ItemGroup>
    <ClCompile Include="Ambient Effects.c">
      <Filter>Source Files</Filter>
    </ClCompile>
    <ClCompile Include="ce_DefaultMessageHandler.c">
      <Filter>Source Files</Filter>
    </ClCompile>
    <ClCompile Include="ce_DLight.c">
      <Filter>Source Files</Filter>
    </ClCompile>
    <ClCompile Include="ce_Message.c">
      <Filter>Source Files</Filter>
    </ClCompile>
    <ClCompile Include="Client Effects.c">
      <Filter>Source Files</Filter>
    </ClCompile>
    <ClCompile Include="Client Entities.c">
      <Filter>Source Files</Filter>
    </ClCompile>
    <ClCompile Include="fx_AmmoPickup.c">
      <Filter>Source Files</Filter>
    </ClCompile>
    <ClCompile Include="fx_animate.c">
      <Filter>Source Files</Filter>
    </ClCompile>
    <ClCompile Include="fx_assassin.c">
      <Filter>Source Files</Filter>
    </ClCompile>
    <ClCompile Include="fx_blood.c">
      <Filter>Source Files</Filter>
    </ClCompile>
    <ClCompile Include="fx_BlueRing.c">
      <Filter>Source Files</Filter>
    </ClCompile>
    <ClCompile Include="fx_bubbler.c">
      <Filter>Source Files</Filter>
    </ClCompile>
    <ClCompile Include="fx_crosshair.c">
      <Filter>Source Files</Filter>
    </ClCompile>
    <ClCompile Include="fx_cwatcher.c">
      <Filter>Source Files</Filter>
    </ClCompile>
    <ClCompile Include="fx_debris.c">
      <Filter>Source Files</Filter>
    </ClCompile>
    <ClCompile Include="fx_DefensePickup.c">
      <Filter>Source Files</Filter>
    </ClCompile>
    <ClCompile Include="fx_Dripper.c">
      <Filter>Source Files</Filter>
    </ClCompile>
    <ClCompile Include="fx_dust.c">
      <Filter>Source Files</Filter>
    </ClCompile>
    <ClCompile Include="fx_dustpuff.c">
      <Filter>Source Files</Filter>
    </ClCompile>
    <ClCompile Include="fx_fire.c">
      <Filter>Source Files</Filter>
    </ClCompile>
    <ClCompile Include="fx_firehands.c">
      <Filter>Source Files</Filter>
    </ClCompile>
    <ClCompile Include="fx_flamethrow.c">
      <Filter>Source Files</Filter>
    </ClCompile>
    <ClCompile Include="fx_flyingfist.c">
      <Filter>Source Files</Filter>
    </ClCompile>
    <ClCompile Include="fx_Fountain.c">
      <Filter>Source Files</Filter>
    </ClCompile>
    <ClCompile Include="fx_halo.c">
      <Filter>Source Files</Filter>
    </ClCompile>
    <ClCompile Include="fx_HealthPickup.c">
      <Filter>Source Files</Filter>
    </ClCompile>
    <ClCompile Include="fx_HellStaff.c">
      <Filter>Source Files</Filter>
    </ClCompile>
    <ClCompile Include="fx_hitpuff.c">
      <Filter>Source Files</Filter>
    </ClCompile>
    <ClCompile Include="fx_hpproj.c">
      <Filter>Source Files</Filter>
    </ClCompile>
    <ClCompile Include="fx_insectstaff.c">
      <Filter>Source Files</Filter>
    </ClCompile>
    <ClCompile Include="fx_lensflare.c">
      <Filter>Source Files</Filter>
    </ClCompile>
    <ClCompile Include="fx_lightning.c">
      <Filter>Source Files</Filter>
    </ClCompile>
    <ClCompile Include="fx_Maceball.c">
      <Filter>Source Files</Filter>
    </ClCompile>
    <ClCompile Include="fx_magicmissile.c">
      <Filter>Source Files</Filter>
    </ClCompile>
    <ClCompile Include="fx_meteorbarrier.c">
      <Filter>Source Files</Filter>
    </ClCompile>
    <ClCompile Include="fx_mist.c">
      <Filter>Source Files</Filter>
    </ClCompile>
    <ClCompile Include="fx_mork.c">
      <Filter>Source Files</Filter>
    </ClCompile>
    <ClCompile Include="fx_Morph.c">
      <Filter>Source Files</Filter>
    </ClCompile>
    <ClCompile Include="fx_objects.c">
      <Filter>Source Files</Filter>
    </ClCompile>
    <ClCompile Include="fx_pespell.c">
      <Filter>Source Files</Filter>
    </ClCompile>
    <ClCompile Include="fx_Phoenix.c">
      <Filter>Source Files</Filter>
    </ClCompile>
    <ClCompile Include="fx_pickup.c">
      <Filter>Source Files</Filter>
    </ClCompile>
    <ClCompile Include="fx_pickuppuzzle.c">
      <Filter>Source Files</Filter>
    </ClCompile>
    <ClCompile Include="fx_PlagueMist.c">
      <Filter>Source Files</Filter>
    </ClCompile>
    <ClCompile Include="fx_PlagueMistExplode.c">
      <Filter>Source Files</Filter>
    </ClCompile>
    <ClCompile Include="fx_portal.c">
      <Filter>Source Files</Filter>
    </ClCompile>
    <ClCompile Include="fx_quake.c">
      <Filter>Source Files</Filter>
    </ClCompile>
    <ClCompile Include="fx_RedRain.c">
      <Filter>Source Files</Filter>
    </ClCompile>
    <ClCompile Include="fx_redrainglow.c">
      <Filter>Source Files</Filter>
    </ClCompile>
    <ClCompile Include="fx_remotecamera.c">
      <Filter>Source Files</Filter>
    </ClCompile>
    <ClCompile Include="fx_Ripples.c">
      <Filter>Source Files</Filter>
    </ClCompile>
    <ClCompile Include="fx_rope.c">
      <Filter>Source Files</Filter>
    </ClCompile>
    <ClCompile Include="fx_scorchmark.c">
      <Filter>Source Files</Filter>
    </ClCompile>
    <ClCompile Include="fx_shadow.c">
      <Filter>Source Files</Filter>
    </ClCompile>
    <ClCompile Include="fx_Shield.c">
      <Filter>Source Files</Filter>
    </ClCompile>
    <ClCompile Include="fx_shrine.c">
      <Filter>Source Files</Filter>
    </ClCompile>
    <ClCompile Include="fx_smoke.c">
      <Filter>Source Files</Filter>
    </ClCompile>
    <ClCompile Include="fx_sound.c">
      <Filter>Source Files</Filter>
    </ClCompile>
    <ClCompile Include="fx_sparks.c">
      <Filter>Source Files</Filter>
    </ClCompile>
    <ClCompile Include="fx_spellchange.c">
      <Filter>Source Files</Filter>
    </ClCompile>
    <ClCompile Include="fx_spellhands.c">
      <Filter>Source Files</Filter>
    </ClCompile>
    <ClCompile Include="fx_sphereofannihlation.c">
      <Filter>Source Files</Filter>
    </ClCompile>
    <ClCompile Include="fx_spoo.c">
      <Filter>Source Files</Filter>
    </ClCompile>
    <ClCompile Include="fx_ssarrow.c">
      <Filter>Source Files</Filter>
    </ClCompile>
    <ClCompile Include="fx_ssithra.c">
      <Filter>Source Files</Filter>
    </ClCompile>
    <ClCompile Include="fx_staff.c">
      <Filter>Source Files</Filter>
    </ClCompile>
    <ClCompile Include="fx_tbeast.c">
      <Filter>Source Files</Filter>
    </ClCompile>
    <ClCompile Include="fx_teleport.c">
      <Filter>Source Files</Filter>
    </ClCompile>
    <ClCompile Include="fx_tome.c">
      <Filter>Source Files</Filter>
    </ClCompile>
    <ClCompile Include="fx_tornado.c">
      <Filter>Source Files</Filter>
    </ClCompile>
    <ClCompile Include="fx_Wall.c">
      <Filter>Source Files</Filter>
    </ClCompile>
    <ClCompile Include="fx_waterentrysplash.c">
      <Filter>Source Files</Filter>
    </ClCompile>
    <ClCompile Include="fx_waterwake.c">
      <Filter>Source Files</Filter>
    </ClCompile>
    <ClCompile Include="fx_WeaponPickup.c">
      <Filter>Source Files</Filter>
    </ClCompile>
    <ClCompile Include="Generic Character Effects.c">
      <Filter>Source Files</Filter>
    </ClCompile>
    <ClCompile Include="Generic Weapon Effects.c">
      <Filter>Source Files</Filter>
    </ClCompile>
    <ClCompile Include="Item Effects.c">
      <Filter>Source Files</Filter>
    </ClCompile>
    <ClCompile Include="LevelMaps.c">
      <Filter>Source Files</Filter>
    </ClCompile>
    <ClCompile Include="LightStyles.c">
      <Filter>Source Files</Filter>
    </ClCompile>
    <ClCompile Include="Main.c">
      <Filter>Source Files</Filter>
    </ClCompile>
    <ClCompile Include="..\qcommon\Message.c">
      <Filter>Source Files</Filter>
    </ClCompile>
    <ClCompile Include="..\qcommon\NetMsg Read.c">
      <Filter>Source Files</Filter>
    </ClCompile>
    <ClCompile Include="Particle.c">
      <Filter>Source Files</Filter>
    </ClCompile>
    <ClCompile Include="Player Effects.c">
      <Filter>Source Files</Filter>
    </ClCompile>
    <ClCompile Include="TestEffect.c">
      <Filter>Source Files</Filter>
    </ClCompile>
    <ClCompile Include="Utilities.c">
      <Filter>Source Files</Filter>
    </ClCompile>
  </ItemGroup>
  <ItemGroup>
    <ClInclude Include="ambient effects.h">
      <Filter>Header Files</Filter>
    </ClInclude>
    <ClInclude Include="..\qcommon\Angles.h">
      <Filter>Header Files</Filter>
    </ClInclude>
    <ClInclude Include="..\qcommon\anorms.h">
      <Filter>Header Files</Filter>
    </ClInclude>
    <ClInclude Include="..\client\cdaudio.h">
      <Filter>Header Files</Filter>
    </ClInclude>
    <ClInclude Include="ce_DefaultMessageHandler.h">
      <Filter>Header Files</Filter>
    </ClInclude>
    <ClInclude Include="ce_DLight.h">
      <Filter>Header Files</Filter>
    </ClInclude>
    <ClInclude Include="ce_Message.h">
      <Filter>Header Files</Filter>
    </ClInclude>
    <ClInclude Include="..\qcommon\cl_strings.h">
      <Filter>Header Files</Filter>
    </ClInclude>
    <ClInclude Include="Client Effects.h">
      <Filter>Header Files</Filter>
    </ClInclude>
    <ClInclude Include="Client Entities.h">
      <Filter>Header Files</Filter>
    </ClInclude>
    <ClInclude Include="..\client\client.h">
      <Filter>Header Files</Filter>
    </ClInclude>
    <ClInclude Include="..\client\console.h">
      <Filter>Header Files</Filter>
    </ClInclude>
    <ClInclude Include="..\qcommon\EffectFlags.h">
      <Filter>Header Files</Filter>
    </ClInclude>
    <ClInclude Include="..\qcommon\FX.h">
      <Filter>Header Files</Filter>
    </ClInclude>
    <ClInclude Include="fx_debris.h">
      <Filter>Header Files</Filter>
    </ClInclude>
    <ClInclude Include="fx_dustpuff.h">
      <Filter>Header Files</Filter>
    </ClInclude>
    <ClInclude Include="..\game\g_items.h">
      <Filter>Header Files</Filter>
    </ClInclude>
    <ClInclude Include="..\game\g_itemstats.h">
      <Filter>Header Files</Filter>
    </ClInclude>
    <ClInclude Include="..\game\g_PhysicsInfo.h">
      <Filter>Header Files</Filter>
    </ClInclude>
    <ClInclude Include="..\game\g_playstats.h">
      <Filter>Header Files</Filter>
    </ClInclude>
    <ClInclude Include="..\qcommon\GenericUnions.h">
      <Filter>Header Files</Filter>
    </ClInclude>
    <ClInclude Include="..\qcommon\H2Common.h">
      <Filter>Header Files</Filter>
    </ClInclude>
    <ClInclude Include="..\client\input.h">
      <Filter>Header Files</Filter>
    </ClInclude>
    <ClInclude Include="..\qcommon\items.h">
      <Filter>Header Files</Filter>
    </ClInclude>
    <ClInclude Include="..\client\keys.h">
      <Filter>Header Files</Filter>
    </ClInclude>
    <ClInclude Include="..\qcommon\LevelMaps.h">
      <Filter>Header Files</Filter>
    </ClInclude>
    <ClInclude Include="..\game\m_elf.h">
      <Filter>Header Files</Filter>
    </ClInclude>
    <ClInclude Include="..\qcommon\Matrix.h">
      <Filter>Header Files</Filter>
    </ClInclude>
    <ClInclude Include="..\qcommon\Message.h">
      <Filter>Header Files</Filter>
    </ClInclude>
    <ClInclude Include="..\qcommon\motion.h">
      <Filter>Header Files</Filter>
    </ClInclude>
    <ClInclude Include="Particle.h">
      <Filter>Header Files</Filter>
    </ClInclude>
    <ClInclude Include="..\qcommon\Placement.h">
      <Filter>Header Files</Filter>
    </ClInclude>
    <ClInclude Include="..\qcommon\PrimitiveDisplayHack.h">
      <Filter>Header Files</Filter>
    </ClInclude>
    <ClInclude Include="..\qcommon\q_ClientServer.h">
      <Filter>Header Files</Filter>
    </ClInclude>
    <ClInclude Include="..\qcommon\q_Physics.h">
      <Filter>Header Files</Filter>
    </ClInclude>
    <ClInclude Include="..\game\q_shared.h">
      <Filter>Header Files</Filter>
    </ClInclude>
    <ClInclude Include="..\qcommon\q_Sprite.h">
      <Filter>Header Files</Filter>
    </ClInclude>
    <ClInclude Include="..\qcommon\q_Surface.h">
      <Filter>Header Files</Filter>
    </ClInclude>
    <ClInclude Include="..\qcommon\q_Typedef.h">
      <Filter>Header Files</Filter>
    </ClInclude>
    <ClInclude Include="..\qcommon\qcommon.h">
      <Filter>Header Files</Filter>
    </ClInclude>
    <ClInclude Include="..\qcommon\qfiles.h">
      <Filter>Header Files</Filter>
    </ClInclude>
    <ClInclude Include="..\qcommon\random.h">
      <Filter>Header Files</Filter>
    </ClInclude>
    <ClInclude Include="..\client\ref.h">
      <Filter>Header Files</Filter>
    </ClInclude>
    <ClInclude Include="..\qcommon\Reference.h">
      <Filter>Header Files</Filter>
    </ClInclude>
    <ClInclude Include="..\qcommon\ResourceManager.h">
      <Filter>Header Files</Filter>
    </ClInclude>
    <ClInclude Include="..\client\screen.h">
      <Filter>Header Files</Filter>
    </ClInclude>
    <ClInclude Include="..\qcommon\SinglyLinkedList.h">
      <Filter>Header Files</Filter>
    </ClInclude>
    <ClInclude Include="..\qcommon\Skeletons.h">
      <Filter>Header Files</Filter>
    </ClInclude>
    <ClInclude Include="..\client\sound.h">
      <Filter>Header Files</Filter>
    </ClInclude>
    <ClInclude Include="..\qcommon\timing.h">
      <Filter>Header Files</Filter>
    </ClInclude>
    <ClInclude Include="Utilities.h">
      <Filter>Header Files</Filter>
    </ClInclude>
    <ClInclude Include="..\qcommon\Vector.h">
      <Filter>Header Files</Filter>
    </ClInclude>
    <ClInclude Include="..\client\vid.h">
      <Filter>Header Files</Filter>
    </ClInclude>
  </ItemGroup>
  <ItemGroup>
    <CustomBuild Include="Client Effects.def">
      <Filter>Resources</Filter>
    </CustomBuild>
  </ItemGroup>
  <ItemGroup>
    <Library Include="..\Final\quake2.lib" />
    <Library Include="..\Final\H2Common.lib" />
  </ItemGroup>
</Project>